// !$*UTF8*$!
{
	archiveVersion = 1;
	classes = {
	};
	objectVersion = 46;
	objects = {

/* Begin PBXBuildFile section */
		9EA5D3CD17F15C8200CE7BD8 /* HomeInfoViewController.m in Sources */ = {isa = PBXBuildFile; fileRef = 9EA5D3CB17F15C8200CE7BD8 /* HomeInfoViewController.m */; };
		9EA5D3CE17F15C8200CE7BD8 /* HomeInfoViewController.xib in Resources */ = {isa = PBXBuildFile; fileRef = 9EA5D3CC17F15C8200CE7BD8 /* HomeInfoViewController.xib */; };
		9EA5D3DE17F15DC500CE7BD8 /* besthomefeature.png in Resources */ = {isa = PBXBuildFile; fileRef = 9EA5D3D017F15DC500CE7BD8 /* besthomefeature.png */; };
		9EA5D3DF17F15DC500CE7BD8 /* besthomefeature@2x.png in Resources */ = {isa = PBXBuildFile; fileRef = 9EA5D3D117F15DC500CE7BD8 /* besthomefeature@2x.png */; };
		9EA5D3E017F15DC500CE7BD8 /* condo-selected.png in Resources */ = {isa = PBXBuildFile; fileRef = 9EA5D3D217F15DC500CE7BD8 /* condo-selected.png */; };
		9EA5D3E117F15DC500CE7BD8 /* condo-selected@2x.png in Resources */ = {isa = PBXBuildFile; fileRef = 9EA5D3D317F15DC500CE7BD8 /* condo-selected@2x.png */; };
		9EA5D3E217F15DC500CE7BD8 /* condo.png in Resources */ = {isa = PBXBuildFile; fileRef = 9EA5D3D417F15DC500CE7BD8 /* condo.png */; };
		9EA5D3E317F15DC500CE7BD8 /* condo@2x.png in Resources */ = {isa = PBXBuildFile; fileRef = 9EA5D3D517F15DC500CE7BD8 /* condo@2x.png */; };
		9EA5D3E417F15DC500CE7BD8 /* hoa.png in Resources */ = {isa = PBXBuildFile; fileRef = 9EA5D3D617F15DC500CE7BD8 /* hoa.png */; };
		9EA5D3E517F15DC500CE7BD8 /* hoa@2x.png in Resources */ = {isa = PBXBuildFile; fileRef = 9EA5D3D717F15DC500CE7BD8 /* hoa@2x.png */; };
		9EA5D3E617F15DC500CE7BD8 /* homeprice.png in Resources */ = {isa = PBXBuildFile; fileRef = 9EA5D3D817F15DC500CE7BD8 /* homeprice.png */; };
		9EA5D3E717F15DC500CE7BD8 /* homeprice@2x.png in Resources */ = {isa = PBXBuildFile; fileRef = 9EA5D3D917F15DC500CE7BD8 /* homeprice@2x.png */; };
		9EA5D3E817F15DC500CE7BD8 /* sfh-homeinfo-selected.png in Resources */ = {isa = PBXBuildFile; fileRef = 9EA5D3DA17F15DC500CE7BD8 /* sfh-homeinfo-selected.png */; };
		9EA5D3E917F15DC500CE7BD8 /* sfh-homeinfo-selected@2x.png in Resources */ = {isa = PBXBuildFile; fileRef = 9EA5D3DB17F15DC500CE7BD8 /* sfh-homeinfo-selected@2x.png */; };
		9EA5D3EA17F15DC500CE7BD8 /* sfh-homeinfo.png in Resources */ = {isa = PBXBuildFile; fileRef = 9EA5D3DC17F15DC500CE7BD8 /* sfh-homeinfo.png */; };
		9EA5D3EB17F15DC500CE7BD8 /* sfh-homeinfo@2x.png in Resources */ = {isa = PBXBuildFile; fileRef = 9EA5D3DD17F15DC500CE7BD8 /* sfh-homeinfo@2x.png */; };
		9EA5D3F017F1624300CE7BD8 /* HomeAddressViewController.m in Sources */ = {isa = PBXBuildFile; fileRef = 9EA5D3EE17F1624300CE7BD8 /* HomeAddressViewController.m */; };
		9EA5D3F117F1624300CE7BD8 /* HomeAddressViewController.xib in Resources */ = {isa = PBXBuildFile; fileRef = 9EA5D3EF17F1624300CE7BD8 /* HomeAddressViewController.xib */; };
		9EA5D3F917F1627300CE7BD8 /* city.png in Resources */ = {isa = PBXBuildFile; fileRef = 9EA5D3F317F1627300CE7BD8 /* city.png */; };
		9EA5D3FA17F1627300CE7BD8 /* city@2x.png in Resources */ = {isa = PBXBuildFile; fileRef = 9EA5D3F417F1627300CE7BD8 /* city@2x.png */; };
		9EA5D3FB17F1627300CE7BD8 /* location.png in Resources */ = {isa = PBXBuildFile; fileRef = 9EA5D3F517F1627300CE7BD8 /* location.png */; };
		9EA5D3FC17F1627300CE7BD8 /* location@2x.png in Resources */ = {isa = PBXBuildFile; fileRef = 9EA5D3F617F1627300CE7BD8 /* location@2x.png */; };
		9EA5D3FD17F1627300CE7BD8 /* street.png in Resources */ = {isa = PBXBuildFile; fileRef = 9EA5D3F717F1627300CE7BD8 /* street.png */; };
		9EA5D3FE17F1627300CE7BD8 /* street@2x.png in Resources */ = {isa = PBXBuildFile; fileRef = 9EA5D3F817F1627300CE7BD8 /* street@2x.png */; };
		9EA5D40317F162B500CE7BD8 /* LoanInfoViewController.m in Sources */ = {isa = PBXBuildFile; fileRef = 9EA5D40117F162B500CE7BD8 /* LoanInfoViewController.m */; };
		9EA5D40417F162B500CE7BD8 /* LoanInfoViewController.xib in Resources */ = {isa = PBXBuildFile; fileRef = 9EA5D40217F162B500CE7BD8 /* LoanInfoViewController.xib */; };
		9EA5D40C17F162DE00CE7BD8 /* downpayment.png in Resources */ = {isa = PBXBuildFile; fileRef = 9EA5D40617F162DE00CE7BD8 /* downpayment.png */; };
		9EA5D40D17F162DE00CE7BD8 /* downpayment@2x.png in Resources */ = {isa = PBXBuildFile; fileRef = 9EA5D40717F162DE00CE7BD8 /* downpayment@2x.png */; };
		9EA5D40E17F162DE00CE7BD8 /* interestrate.png in Resources */ = {isa = PBXBuildFile; fileRef = 9EA5D40817F162DE00CE7BD8 /* interestrate.png */; };
		9EA5D40F17F162DE00CE7BD8 /* interestrate@2x.png in Resources */ = {isa = PBXBuildFile; fileRef = 9EA5D40917F162DE00CE7BD8 /* interestrate@2x.png */; };
		9EA5D41017F162DE00CE7BD8 /* loantime.png in Resources */ = {isa = PBXBuildFile; fileRef = 9EA5D40A17F162DE00CE7BD8 /* loantime.png */; };
		9EA5D41117F162DE00CE7BD8 /* loantime@2x.png in Resources */ = {isa = PBXBuildFile; fileRef = 9EA5D40B17F162DE00CE7BD8 /* loantime@2x.png */; };
		9ECCAD3A17F0C8BD001EAF4C /* FFEF.framework in Frameworks */ = {isa = PBXBuildFile; fileRef = 9ECCAD3917F0C8BD001EAF4C /* FFEF.framework */; };
		9ECCAD3B17F0C8BD001EAF4C /* FFEF.framework in Frameworks */ = {isa = PBXBuildFile; fileRef = 9ECCAD3917F0C8BD001EAF4C /* FFEF.framework */; };
		9ECCAD5817F0CBFC001EAF4C /* forward-icon.png in Resources */ = {isa = PBXBuildFile; fileRef = 9ECCAD5417F0CBFC001EAF4C /* forward-icon.png */; };
		9ECCAD5917F0CBFC001EAF4C /* forward-icon.png in Resources */ = {isa = PBXBuildFile; fileRef = 9ECCAD5417F0CBFC001EAF4C /* forward-icon.png */; };
		9ECCAD5A17F0CBFC001EAF4C /* forward-icon@2x.png in Resources */ = {isa = PBXBuildFile; fileRef = 9ECCAD5517F0CBFC001EAF4C /* forward-icon@2x.png */; };
		9ECCAD5B17F0CBFC001EAF4C /* forward-icon@2x.png in Resources */ = {isa = PBXBuildFile; fileRef = 9ECCAD5517F0CBFC001EAF4C /* forward-icon@2x.png */; };
		9ECCAD5C17F0CBFC001EAF4C /* help.png in Resources */ = {isa = PBXBuildFile; fileRef = 9ECCAD5617F0CBFC001EAF4C /* help.png */; };
		9ECCAD5D17F0CBFC001EAF4C /* help.png in Resources */ = {isa = PBXBuildFile; fileRef = 9ECCAD5617F0CBFC001EAF4C /* help.png */; };
		9ECCAD5E17F0CBFC001EAF4C /* help@2x.png in Resources */ = {isa = PBXBuildFile; fileRef = 9ECCAD5717F0CBFC001EAF4C /* help@2x.png */; };
		9ECCAD5F17F0CBFC001EAF4C /* help@2x.png in Resources */ = {isa = PBXBuildFile; fileRef = 9ECCAD5717F0CBFC001EAF4C /* help@2x.png */; };
		9ECCAD8C17F0E556001EAF4C /* downarrow.png in Resources */ = {isa = PBXBuildFile; fileRef = 9ECCAD8A17F0E556001EAF4C /* downarrow.png */; };
		9ECCAD8D17F0E556001EAF4C /* downarrow.png in Resources */ = {isa = PBXBuildFile; fileRef = 9ECCAD8A17F0E556001EAF4C /* downarrow.png */; };
		9ECCAD8E17F0E556001EAF4C /* downarrow@2x.png in Resources */ = {isa = PBXBuildFile; fileRef = 9ECCAD8B17F0E556001EAF4C /* downarrow@2x.png */; };
		9ECCAD8F17F0E556001EAF4C /* downarrow@2x.png in Resources */ = {isa = PBXBuildFile; fileRef = 9ECCAD8B17F0E556001EAF4C /* downarrow@2x.png */; };
		9ECCAD9417F0E696001EAF4C /* compare-dash.png in Resources */ = {isa = PBXBuildFile; fileRef = 9ECCAD9017F0E696001EAF4C /* compare-dash.png */; };
		9ECCAD9517F0E696001EAF4C /* compare-dash.png in Resources */ = {isa = PBXBuildFile; fileRef = 9ECCAD9017F0E696001EAF4C /* compare-dash.png */; };
		9ECCAD9617F0E696001EAF4C /* compare-dash@2x.png in Resources */ = {isa = PBXBuildFile; fileRef = 9ECCAD9117F0E696001EAF4C /* compare-dash@2x.png */; };
		9ECCAD9717F0E696001EAF4C /* compare-dash@2x.png in Resources */ = {isa = PBXBuildFile; fileRef = 9ECCAD9117F0E696001EAF4C /* compare-dash@2x.png */; };
		9ECCAD9817F0E696001EAF4C /* doubledownarrow.png in Resources */ = {isa = PBXBuildFile; fileRef = 9ECCAD9217F0E696001EAF4C /* doubledownarrow.png */; };
		9ECCAD9917F0E696001EAF4C /* doubledownarrow.png in Resources */ = {isa = PBXBuildFile; fileRef = 9ECCAD9217F0E696001EAF4C /* doubledownarrow.png */; };
		9ECCAD9A17F0E696001EAF4C /* doubledownarrow@2x.png in Resources */ = {isa = PBXBuildFile; fileRef = 9ECCAD9317F0E696001EAF4C /* doubledownarrow@2x.png */; };
		9ECCAD9B17F0E696001EAF4C /* doubledownarrow@2x.png in Resources */ = {isa = PBXBuildFile; fileRef = 9ECCAD9317F0E696001EAF4C /* doubledownarrow@2x.png */; };
		9ECCAD9E17F0E724001EAF4C /* sfh-dash.png in Resources */ = {isa = PBXBuildFile; fileRef = 9ECCAD9C17F0E724001EAF4C /* sfh-dash.png */; };
		9ECCAD9F17F0E724001EAF4C /* sfh-dash.png in Resources */ = {isa = PBXBuildFile; fileRef = 9ECCAD9C17F0E724001EAF4C /* sfh-dash.png */; };
		9ECCADA017F0E724001EAF4C /* sfh-dash@2x.png in Resources */ = {isa = PBXBuildFile; fileRef = 9ECCAD9D17F0E724001EAF4C /* sfh-dash@2x.png */; };
		9ECCADA117F0E724001EAF4C /* sfh-dash@2x.png in Resources */ = {isa = PBXBuildFile; fileRef = 9ECCAD9D17F0E724001EAF4C /* sfh-dash@2x.png */; };
		9ECCADA417F0E7B8001EAF4C /* lifestyle-beach-dash.png in Resources */ = {isa = PBXBuildFile; fileRef = 9ECCADA217F0E7B8001EAF4C /* lifestyle-beach-dash.png */; };
		9ECCADA517F0E7B8001EAF4C /* lifestyle-beach-dash.png in Resources */ = {isa = PBXBuildFile; fileRef = 9ECCADA217F0E7B8001EAF4C /* lifestyle-beach-dash.png */; };
		9ECCADA617F0E7B8001EAF4C /* lifestyle-beach-dash@2x.png in Resources */ = {isa = PBXBuildFile; fileRef = 9ECCADA317F0E7B8001EAF4C /* lifestyle-beach-dash@2x.png */; };
		9ECCADA717F0E7B8001EAF4C /* lifestyle-beach-dash@2x.png in Resources */ = {isa = PBXBuildFile; fileRef = 9ECCADA317F0E7B8001EAF4C /* lifestyle-beach-dash@2x.png */; };
		9ECCADAA17F0E809001EAF4C /* couple-dash.png in Resources */ = {isa = PBXBuildFile; fileRef = 9ECCADA817F0E809001EAF4C /* couple-dash.png */; };
		9ECCADAB17F0E809001EAF4C /* couple-dash.png in Resources */ = {isa = PBXBuildFile; fileRef = 9ECCADA817F0E809001EAF4C /* couple-dash.png */; };
		9ECCADAC17F0E809001EAF4C /* couple-dash@2x.png in Resources */ = {isa = PBXBuildFile; fileRef = 9ECCADA917F0E809001EAF4C /* couple-dash@2x.png */; };
		9ECCADAD17F0E809001EAF4C /* couple-dash@2x.png in Resources */ = {isa = PBXBuildFile; fileRef = 9ECCADA917F0E809001EAF4C /* couple-dash@2x.png */; };
		D610B4FE17D15E5500C6EE4A /* kunanceUser.m in Sources */ = {isa = PBXBuildFile; fileRef = D610B4FD17D15E5500C6EE4A /* kunanceUser.m */; };
		D610B4FF17D15E5500C6EE4A /* kunanceUser.m in Sources */ = {isa = PBXBuildFile; fileRef = D610B4FD17D15E5500C6EE4A /* kunanceUser.m */; };
		D6468B1017DAF8CD0056EF57 /* PKRevealController.m in Sources */ = {isa = PBXBuildFile; fileRef = D6468B0B17DAF8CD0056EF57 /* PKRevealController.m */; };
		D6468B1117DAF8CD0056EF57 /* PKRevealControllerContainerView.m in Sources */ = {isa = PBXBuildFile; fileRef = D6468B0D17DAF8CD0056EF57 /* PKRevealControllerContainerView.m */; };
		D6468B1217DAF8CD0056EF57 /* UIViewController+PKRevealController.m in Sources */ = {isa = PBXBuildFile; fileRef = D6468B0F17DAF8CD0056EF57 /* UIViewController+PKRevealController.m */; };
		D67EFDE317CCE1280082F6C7 /* Foundation.framework in Frameworks */ = {isa = PBXBuildFile; fileRef = D67EFDE217CCE1280082F6C7 /* Foundation.framework */; };
		D67EFDE517CCE1280082F6C7 /* CoreGraphics.framework in Frameworks */ = {isa = PBXBuildFile; fileRef = D67EFDE417CCE1280082F6C7 /* CoreGraphics.framework */; };
		D67EFDE717CCE1280082F6C7 /* UIKit.framework in Frameworks */ = {isa = PBXBuildFile; fileRef = D67EFDE617CCE1280082F6C7 /* UIKit.framework */; };
		D67EFDE917CCE1280082F6C7 /* CoreData.framework in Frameworks */ = {isa = PBXBuildFile; fileRef = D67EFDE817CCE1280082F6C7 /* CoreData.framework */; };
		D67EFDEF17CCE1280082F6C7 /* InfoPlist.strings in Resources */ = {isa = PBXBuildFile; fileRef = D67EFDED17CCE1280082F6C7 /* InfoPlist.strings */; };
		D67EFDF117CCE1280082F6C7 /* main.m in Sources */ = {isa = PBXBuildFile; fileRef = D67EFDF017CCE1280082F6C7 /* main.m */; };
		D67EFDF517CCE1280082F6C7 /* AppDelegate.m in Sources */ = {isa = PBXBuildFile; fileRef = D67EFDF417CCE1280082F6C7 /* AppDelegate.m */; };
		D67EFDFA17CCE1280082F6C7 /* Images.xcassets in Resources */ = {isa = PBXBuildFile; fileRef = D67EFDF917CCE1280082F6C7 /* Images.xcassets */; };
		D67EFE0117CCE1290082F6C7 /* XCTest.framework in Frameworks */ = {isa = PBXBuildFile; fileRef = D67EFE0017CCE1290082F6C7 /* XCTest.framework */; };
		D67EFE0217CCE1290082F6C7 /* Foundation.framework in Frameworks */ = {isa = PBXBuildFile; fileRef = D67EFDE217CCE1280082F6C7 /* Foundation.framework */; };
		D67EFE0317CCE1290082F6C7 /* UIKit.framework in Frameworks */ = {isa = PBXBuildFile; fileRef = D67EFDE617CCE1280082F6C7 /* UIKit.framework */; };
		D67EFE0417CCE1290082F6C7 /* CoreData.framework in Frameworks */ = {isa = PBXBuildFile; fileRef = D67EFDE817CCE1280082F6C7 /* CoreData.framework */; };
		D67EFE0C17CCE1290082F6C7 /* InfoPlist.strings in Resources */ = {isa = PBXBuildFile; fileRef = D67EFE0A17CCE1290082F6C7 /* InfoPlist.strings */; };
		D67EFE0E17CCE1290082F6C7 /* HomeBuyerTests.m in Sources */ = {isa = PBXBuildFile; fileRef = D67EFE0D17CCE1290082F6C7 /* HomeBuyerTests.m */; };
		D6842E5217DD22060028AF00 /* MenuIcon@2x.png in Resources */ = {isa = PBXBuildFile; fileRef = D6842E5017DD22060028AF00 /* MenuIcon@2x.png */; };
		D6842E5317DD22060028AF00 /* MenuIcon.png in Resources */ = {isa = PBXBuildFile; fileRef = D6842E5117DD22060028AF00 /* MenuIcon.png */; };
		D6842E5617DD2FD80028AF00 /* userPFInfo.m in Sources */ = {isa = PBXBuildFile; fileRef = D6842E5517DD2FD80028AF00 /* userPFInfo.m */; };
		D6842E5717DD2FD80028AF00 /* userPFInfo.m in Sources */ = {isa = PBXBuildFile; fileRef = D6842E5517DD2FD80028AF00 /* userPFInfo.m */; };
		D6842E5A17DD317F0028AF00 /* userFixedExpensesInfo.m in Sources */ = {isa = PBXBuildFile; fileRef = D6842E5917DD317F0028AF00 /* userFixedExpensesInfo.m */; };
		D6842E5B17DD317F0028AF00 /* userFixedExpensesInfo.m in Sources */ = {isa = PBXBuildFile; fileRef = D6842E5917DD317F0028AF00 /* userFixedExpensesInfo.m */; };
		D6842E5E17DD32510028AF00 /* usersLoansList.m in Sources */ = {isa = PBXBuildFile; fileRef = D6842E5D17DD32510028AF00 /* usersLoansList.m */; };
		D6842E5F17DD32510028AF00 /* usersLoansList.m in Sources */ = {isa = PBXBuildFile; fileRef = D6842E5D17DD32510028AF00 /* usersLoansList.m */; };
		D6842E6217DD95E30028AF00 /* loan.m in Sources */ = {isa = PBXBuildFile; fileRef = D6842E6117DD95E30028AF00 /* loan.m */; };
		D6842E6317DD95E30028AF00 /* loan.m in Sources */ = {isa = PBXBuildFile; fileRef = D6842E6117DD95E30028AF00 /* loan.m */; };
		D6842E6617DD97090028AF00 /* homeInfo.m in Sources */ = {isa = PBXBuildFile; fileRef = D6842E6517DD97090028AF00 /* homeInfo.m */; };
		D6842E6717DD97090028AF00 /* homeInfo.m in Sources */ = {isa = PBXBuildFile; fileRef = D6842E6517DD97090028AF00 /* homeInfo.m */; };
		D6842E6A17DD9A670028AF00 /* homeAddress.m in Sources */ = {isa = PBXBuildFile; fileRef = D6842E6917DD9A670028AF00 /* homeAddress.m */; };
		D6842E6B17DD9A670028AF00 /* homeAddress.m in Sources */ = {isa = PBXBuildFile; fileRef = D6842E6917DD9A670028AF00 /* homeAddress.m */; };
		D6842E6E17DDA8720028AF00 /* UsersHomesList.m in Sources */ = {isa = PBXBuildFile; fileRef = D6842E6D17DDA8720028AF00 /* UsersHomesList.m */; };
		D6842E6F17DDA8720028AF00 /* UsersHomesList.m in Sources */ = {isa = PBXBuildFile; fileRef = D6842E6D17DDA8720028AF00 /* UsersHomesList.m */; };
		D696EB1817D50ABA00F475F3 /* MobileCoreServices.framework in Frameworks */ = {isa = PBXBuildFile; fileRef = D696EB1717D50ABA00F475F3 /* MobileCoreServices.framework */; };
		D696EB1A17D50AEE00F475F3 /* Security.framework in Frameworks */ = {isa = PBXBuildFile; fileRef = D696EB1917D50AEE00F475F3 /* Security.framework */; };
		D6B93F6217E96F9F0049B5D5 /* APIService.m in Sources */ = {isa = PBXBuildFile; fileRef = D6B93F6117E96F9F0049B5D5 /* APIService.m */; };
		D6B93F6317E96F9F0049B5D5 /* APIService.m in Sources */ = {isa = PBXBuildFile; fileRef = D6B93F6117E96F9F0049B5D5 /* APIService.m */; };
		D6C88B2917DA79AA00DEA25D /* MainController.m in Sources */ = {isa = PBXBuildFile; fileRef = D6C88B2717DA79AA00DEA25D /* MainController.m */; };
		D6C88B2E17DA7B1600DEA25D /* SignUpViewController.m in Sources */ = {isa = PBXBuildFile; fileRef = D6C88B2B17DA7B1600DEA25D /* SignUpViewController.m */; };
		D6C88B2F17DA7B1600DEA25D /* SignUpViewController.m in Sources */ = {isa = PBXBuildFile; fileRef = D6C88B2B17DA7B1600DEA25D /* SignUpViewController.m */; };
		D6C88B3017DA7B1600DEA25D /* LoginViewController.m in Sources */ = {isa = PBXBuildFile; fileRef = D6C88B2D17DA7B1600DEA25D /* LoginViewController.m */; };
		D6C88B3117DA7B1600DEA25D /* LoginViewController.m in Sources */ = {isa = PBXBuildFile; fileRef = D6C88B2D17DA7B1600DEA25D /* LoginViewController.m */; };
		D6C88B3417DA7B3000DEA25D /* SignUpViewController.xib in Resources */ = {isa = PBXBuildFile; fileRef = D6C88B3217DA7B3000DEA25D /* SignUpViewController.xib */; };
		D6C88B3517DA7B3000DEA25D /* LoginViewController.xib in Resources */ = {isa = PBXBuildFile; fileRef = D6C88B3317DA7B3000DEA25D /* LoginViewController.xib */; };
		D6C88B3B17DA7B7D00DEA25D /* Utilities.m in Sources */ = {isa = PBXBuildFile; fileRef = D6C88B3717DA7B7D00DEA25D /* Utilities.m */; };
		D6C88B3C17DA7B7D00DEA25D /* Utilities.m in Sources */ = {isa = PBXBuildFile; fileRef = D6C88B3717DA7B7D00DEA25D /* Utilities.m */; };
		D6C88B3D17DA7B7D00DEA25D /* KeychainWrapper.m in Sources */ = {isa = PBXBuildFile; fileRef = D6C88B3917DA7B7D00DEA25D /* KeychainWrapper.m */; };
		D6C88B3E17DA7B7D00DEA25D /* KeychainWrapper.m in Sources */ = {isa = PBXBuildFile; fileRef = D6C88B3917DA7B7D00DEA25D /* KeychainWrapper.m */; };
		D6C88B4217DA7BEE00DEA25D /* DashUserPFInfoEnteredView.xib in Resources */ = {isa = PBXBuildFile; fileRef = D6C88B4117DA7BEE00DEA25D /* DashUserPFInfoEnteredView.xib */; };
		D6C88B4417DA7C0A00DEA25D /* Dash1HomeEnteredView.xib in Resources */ = {isa = PBXBuildFile; fileRef = D6C88B4317DA7C0900DEA25D /* Dash1HomeEnteredView.xib */; };
		D6C88B4617DA7F7200DEA25D /* DashMultipleHomesView.xib in Resources */ = {isa = PBXBuildFile; fileRef = D6C88B4517DA7F7200DEA25D /* DashMultipleHomesView.xib */; };
		D6C88B4A17DA7FEC00DEA25D /* DashboardViewController.m in Sources */ = {isa = PBXBuildFile; fileRef = D6C88B4817DA7FEC00DEA25D /* DashboardViewController.m */; };
		D6C88B4D17DA800F00DEA25D /* DashboardViewController.xib in Resources */ = {isa = PBXBuildFile; fileRef = D6C88B4C17DA800F00DEA25D /* DashboardViewController.xib */; };
		D6C890B817DC4426007CB46F /* LeftMenuViewController.m in Sources */ = {isa = PBXBuildFile; fileRef = D6C890B617DC4426007CB46F /* LeftMenuViewController.m */; };
		D6C890B917DC4426007CB46F /* LeftMenuViewController.xib in Resources */ = {isa = PBXBuildFile; fileRef = D6C890B717DC4426007CB46F /* LeftMenuViewController.xib */; };
		D6E6EE5017E659DD005D7526 /* AboutYouViewController.m in Sources */ = {isa = PBXBuildFile; fileRef = D6E6EE4E17E659DD005D7526 /* AboutYouViewController.m */; };
		D6E6EE5117E659DD005D7526 /* AboutYouViewController.xib in Resources */ = {isa = PBXBuildFile; fileRef = D6E6EE4F17E659DD005D7526 /* AboutYouViewController.xib */; };
		D6E6EE5417E65A8A005D7526 /* couple.png in Resources */ = {isa = PBXBuildFile; fileRef = D6E6EE5217E65A8A005D7526 /* couple.png */; };
		D6E6EE5517E65A8A005D7526 /* couple@2x.png in Resources */ = {isa = PBXBuildFile; fileRef = D6E6EE5317E65A8A005D7526 /* couple@2x.png */; };
		D6E6EE5817E65A9E005D7526 /* single.png in Resources */ = {isa = PBXBuildFile; fileRef = D6E6EE5617E65A9E005D7526 /* single.png */; };
		D6E6EE5917E65A9E005D7526 /* single@2x.png in Resources */ = {isa = PBXBuildFile; fileRef = D6E6EE5717E65A9E005D7526 /* single@2x.png */; };
		D6E6EE5C17E65AAF005D7526 /* salary.png in Resources */ = {isa = PBXBuildFile; fileRef = D6E6EE5A17E65AAF005D7526 /* salary.png */; };
		D6E6EE5D17E65AAF005D7526 /* salary@2x.png in Resources */ = {isa = PBXBuildFile; fileRef = D6E6EE5B17E65AAF005D7526 /* salary@2x.png */; };
		D6E6EE6017E65AC0005D7526 /* savings.png in Resources */ = {isa = PBXBuildFile; fileRef = D6E6EE5E17E65AC0005D7526 /* savings.png */; };
		D6E6EE6117E65AC0005D7526 /* savings@2x.png in Resources */ = {isa = PBXBuildFile; fileRef = D6E6EE5F17E65AC0005D7526 /* savings@2x.png */; };
		D6E6EE6417E65AD1005D7526 /* children.png in Resources */ = {isa = PBXBuildFile; fileRef = D6E6EE6217E65AD1005D7526 /* children.png */; };
		D6E6EE6517E65AD1005D7526 /* children@2x.png in Resources */ = {isa = PBXBuildFile; fileRef = D6E6EE6317E65AD1005D7526 /* children@2x.png */; };
		D6E6EE6817E65AE2005D7526 /* dashboard.png in Resources */ = {isa = PBXBuildFile; fileRef = D6E6EE6617E65AE2005D7526 /* dashboard.png */; };
		D6E6EE6917E65AE2005D7526 /* dashboard@2x.png in Resources */ = {isa = PBXBuildFile; fileRef = D6E6EE6717E65AE2005D7526 /* dashboard@2x.png */; };
		D6E6EE6C17E660EA005D7526 /* single-selected.png in Resources */ = {isa = PBXBuildFile; fileRef = D6E6EE6A17E660EA005D7526 /* single-selected.png */; };
		D6E6EE6D17E660EA005D7526 /* single-selected@2x.png in Resources */ = {isa = PBXBuildFile; fileRef = D6E6EE6B17E660EA005D7526 /* single-selected@2x.png */; };
		D6E6EE7017E660F9005D7526 /* couple-selected.png in Resources */ = {isa = PBXBuildFile; fileRef = D6E6EE6E17E660F9005D7526 /* couple-selected.png */; };
		D6E6EE7117E660F9005D7526 /* couple-selected@2x.png in Resources */ = {isa = PBXBuildFile; fileRef = D6E6EE6F17E660F9005D7526 /* couple-selected@2x.png */; };
		D6E6EEB117E79D05005D7526 /* ExpensesViewController.m in Sources */ = {isa = PBXBuildFile; fileRef = D6E6EEAF17E79D05005D7526 /* ExpensesViewController.m */; };
		D6E6EEB217E79D05005D7526 /* ExpensesViewController.xib in Resources */ = {isa = PBXBuildFile; fileRef = D6E6EEB017E79D05005D7526 /* ExpensesViewController.xib */; };
		D6E6EEB717E79D6F005D7526 /* rent.png in Resources */ = {isa = PBXBuildFile; fileRef = D6E6EEB517E79D6F005D7526 /* rent.png */; };
		D6E6EEB817E79D6F005D7526 /* rent@2x.png in Resources */ = {isa = PBXBuildFile; fileRef = D6E6EEB617E79D6F005D7526 /* rent@2x.png */; };
		D6E6EEBB17E79D7D005D7526 /* car.png in Resources */ = {isa = PBXBuildFile; fileRef = D6E6EEB917E79D7D005D7526 /* car.png */; };
		D6E6EEBC17E79D7D005D7526 /* car@2x.png in Resources */ = {isa = PBXBuildFile; fileRef = D6E6EEBA17E79D7D005D7526 /* car@2x.png */; };
		D6E6EEBF17E79D8C005D7526 /* otherexpenses.png in Resources */ = {isa = PBXBuildFile; fileRef = D6E6EEBD17E79D8C005D7526 /* otherexpenses.png */; };
		D6E6EEC017E79D8C005D7526 /* otherexpenses@2x.png in Resources */ = {isa = PBXBuildFile; fileRef = D6E6EEBE17E79D8C005D7526 /* otherexpenses@2x.png */; };
		D6E6EEC317E79DA8005D7526 /* back-icon.png in Resources */ = {isa = PBXBuildFile; fileRef = D6E6EEC117E79DA8005D7526 /* back-icon.png */; };
		D6E6EEC417E79DA8005D7526 /* back-icon@2x.png in Resources */ = {isa = PBXBuildFile; fileRef = D6E6EEC217E79DA8005D7526 /* back-icon@2x.png */; };
		D6F9D41317DE72CF001DE8D1 /* DashNoInfoEnteredView.xib in Resources */ = {isa = PBXBuildFile; fileRef = D6F9D41117DE72CF001DE8D1 /* DashNoInfoEnteredView.xib */; };
		D6F9D41717DE73E0001DE8D1 /* DashNoInfoEnteredView.m in Sources */ = {isa = PBXBuildFile; fileRef = D6F9D41617DE73E0001DE8D1 /* DashNoInfoEnteredView.m */; };
/* End PBXBuildFile section */

/* Begin PBXContainerItemProxy section */
		D67EFE0517CCE1290082F6C7 /* PBXContainerItemProxy */ = {
			isa = PBXContainerItemProxy;
			containerPortal = D67EFDD717CCE1280082F6C7 /* Project object */;
			proxyType = 1;
			remoteGlobalIDString = D67EFDDE17CCE1280082F6C7;
			remoteInfo = HomeBuyer;
		};
/* End PBXContainerItemProxy section */

/* Begin PBXFileReference section */
		9EA5D3CA17F15C8100CE7BD8 /* HomeInfoViewController.h */ = {isa = PBXFileReference; fileEncoding = 4; lastKnownFileType = sourcecode.c.h; name = HomeInfoViewController.h; path = Controller/HomeInfoViewController.h; sourceTree = "<group>"; };
		9EA5D3CB17F15C8200CE7BD8 /* HomeInfoViewController.m */ = {isa = PBXFileReference; fileEncoding = 4; lastKnownFileType = sourcecode.c.objc; name = HomeInfoViewController.m; path = Controller/HomeInfoViewController.m; sourceTree = "<group>"; };
		9EA5D3CC17F15C8200CE7BD8 /* HomeInfoViewController.xib */ = {isa = PBXFileReference; fileEncoding = 4; lastKnownFileType = file.xib; name = HomeInfoViewController.xib; path = Controller/HomeInfoViewController.xib; sourceTree = "<group>"; };
		9EA5D3D017F15DC500CE7BD8 /* besthomefeature.png */ = {isa = PBXFileReference; lastKnownFileType = image.png; path = besthomefeature.png; sourceTree = "<group>"; };
		9EA5D3D117F15DC500CE7BD8 /* besthomefeature@2x.png */ = {isa = PBXFileReference; lastKnownFileType = image.png; path = "besthomefeature@2x.png"; sourceTree = "<group>"; };
		9EA5D3D217F15DC500CE7BD8 /* condo-selected.png */ = {isa = PBXFileReference; lastKnownFileType = image.png; path = "condo-selected.png"; sourceTree = "<group>"; };
		9EA5D3D317F15DC500CE7BD8 /* condo-selected@2x.png */ = {isa = PBXFileReference; lastKnownFileType = image.png; path = "condo-selected@2x.png"; sourceTree = "<group>"; };
		9EA5D3D417F15DC500CE7BD8 /* condo.png */ = {isa = PBXFileReference; lastKnownFileType = image.png; path = condo.png; sourceTree = "<group>"; };
		9EA5D3D517F15DC500CE7BD8 /* condo@2x.png */ = {isa = PBXFileReference; lastKnownFileType = image.png; path = "condo@2x.png"; sourceTree = "<group>"; };
		9EA5D3D617F15DC500CE7BD8 /* hoa.png */ = {isa = PBXFileReference; lastKnownFileType = image.png; path = hoa.png; sourceTree = "<group>"; };
		9EA5D3D717F15DC500CE7BD8 /* hoa@2x.png */ = {isa = PBXFileReference; lastKnownFileType = image.png; path = "hoa@2x.png"; sourceTree = "<group>"; };
		9EA5D3D817F15DC500CE7BD8 /* homeprice.png */ = {isa = PBXFileReference; lastKnownFileType = image.png; path = homeprice.png; sourceTree = "<group>"; };
		9EA5D3D917F15DC500CE7BD8 /* homeprice@2x.png */ = {isa = PBXFileReference; lastKnownFileType = image.png; path = "homeprice@2x.png"; sourceTree = "<group>"; };
		9EA5D3DA17F15DC500CE7BD8 /* sfh-homeinfo-selected.png */ = {isa = PBXFileReference; lastKnownFileType = image.png; path = "sfh-homeinfo-selected.png"; sourceTree = "<group>"; };
		9EA5D3DB17F15DC500CE7BD8 /* sfh-homeinfo-selected@2x.png */ = {isa = PBXFileReference; lastKnownFileType = image.png; path = "sfh-homeinfo-selected@2x.png"; sourceTree = "<group>"; };
		9EA5D3DC17F15DC500CE7BD8 /* sfh-homeinfo.png */ = {isa = PBXFileReference; lastKnownFileType = image.png; path = "sfh-homeinfo.png"; sourceTree = "<group>"; };
		9EA5D3DD17F15DC500CE7BD8 /* sfh-homeinfo@2x.png */ = {isa = PBXFileReference; lastKnownFileType = image.png; path = "sfh-homeinfo@2x.png"; sourceTree = "<group>"; };
		9EA5D3ED17F1624300CE7BD8 /* HomeAddressViewController.h */ = {isa = PBXFileReference; fileEncoding = 4; lastKnownFileType = sourcecode.c.h; name = HomeAddressViewController.h; path = Controller/HomeAddressViewController.h; sourceTree = "<group>"; };
		9EA5D3EE17F1624300CE7BD8 /* HomeAddressViewController.m */ = {isa = PBXFileReference; fileEncoding = 4; lastKnownFileType = sourcecode.c.objc; name = HomeAddressViewController.m; path = Controller/HomeAddressViewController.m; sourceTree = "<group>"; };
		9EA5D3EF17F1624300CE7BD8 /* HomeAddressViewController.xib */ = {isa = PBXFileReference; fileEncoding = 4; lastKnownFileType = file.xib; name = HomeAddressViewController.xib; path = Controller/HomeAddressViewController.xib; sourceTree = "<group>"; };
		9EA5D3F317F1627300CE7BD8 /* city.png */ = {isa = PBXFileReference; lastKnownFileType = image.png; path = city.png; sourceTree = "<group>"; };
		9EA5D3F417F1627300CE7BD8 /* city@2x.png */ = {isa = PBXFileReference; lastKnownFileType = image.png; path = "city@2x.png"; sourceTree = "<group>"; };
		9EA5D3F517F1627300CE7BD8 /* location.png */ = {isa = PBXFileReference; lastKnownFileType = image.png; path = location.png; sourceTree = "<group>"; };
		9EA5D3F617F1627300CE7BD8 /* location@2x.png */ = {isa = PBXFileReference; lastKnownFileType = image.png; path = "location@2x.png"; sourceTree = "<group>"; };
		9EA5D3F717F1627300CE7BD8 /* street.png */ = {isa = PBXFileReference; lastKnownFileType = image.png; path = street.png; sourceTree = "<group>"; };
		9EA5D3F817F1627300CE7BD8 /* street@2x.png */ = {isa = PBXFileReference; lastKnownFileType = image.png; path = "street@2x.png"; sourceTree = "<group>"; };
		9EA5D40017F162B500CE7BD8 /* LoanInfoViewController.h */ = {isa = PBXFileReference; fileEncoding = 4; lastKnownFileType = sourcecode.c.h; name = LoanInfoViewController.h; path = Controller/LoanInfoViewController.h; sourceTree = "<group>"; };
		9EA5D40117F162B500CE7BD8 /* LoanInfoViewController.m */ = {isa = PBXFileReference; fileEncoding = 4; lastKnownFileType = sourcecode.c.objc; name = LoanInfoViewController.m; path = Controller/LoanInfoViewController.m; sourceTree = "<group>"; };
		9EA5D40217F162B500CE7BD8 /* LoanInfoViewController.xib */ = {isa = PBXFileReference; fileEncoding = 4; lastKnownFileType = file.xib; name = LoanInfoViewController.xib; path = Controller/LoanInfoViewController.xib; sourceTree = "<group>"; };
		9EA5D40617F162DE00CE7BD8 /* downpayment.png */ = {isa = PBXFileReference; lastKnownFileType = image.png; path = downpayment.png; sourceTree = "<group>"; };
		9EA5D40717F162DE00CE7BD8 /* downpayment@2x.png */ = {isa = PBXFileReference; lastKnownFileType = image.png; path = "downpayment@2x.png"; sourceTree = "<group>"; };
		9EA5D40817F162DE00CE7BD8 /* interestrate.png */ = {isa = PBXFileReference; lastKnownFileType = image.png; path = interestrate.png; sourceTree = "<group>"; };
		9EA5D40917F162DE00CE7BD8 /* interestrate@2x.png */ = {isa = PBXFileReference; lastKnownFileType = image.png; path = "interestrate@2x.png"; sourceTree = "<group>"; };
		9EA5D40A17F162DE00CE7BD8 /* loantime.png */ = {isa = PBXFileReference; lastKnownFileType = image.png; path = loantime.png; sourceTree = "<group>"; };
		9EA5D40B17F162DE00CE7BD8 /* loantime@2x.png */ = {isa = PBXFileReference; lastKnownFileType = image.png; path = "loantime@2x.png"; sourceTree = "<group>"; };
		9ECCAD3917F0C8BD001EAF4C /* FFEF.framework */ = {isa = PBXFileReference; lastKnownFileType = wrapper.framework; path = FFEF.framework; sourceTree = "<group>"; };
		9ECCAD5417F0CBFC001EAF4C /* forward-icon.png */ = {isa = PBXFileReference; lastKnownFileType = image.png; path = "forward-icon.png"; sourceTree = "<group>"; };
		9ECCAD5517F0CBFC001EAF4C /* forward-icon@2x.png */ = {isa = PBXFileReference; lastKnownFileType = image.png; path = "forward-icon@2x.png"; sourceTree = "<group>"; };
		9ECCAD5617F0CBFC001EAF4C /* help.png */ = {isa = PBXFileReference; lastKnownFileType = image.png; path = help.png; sourceTree = "<group>"; };
		9ECCAD5717F0CBFC001EAF4C /* help@2x.png */ = {isa = PBXFileReference; lastKnownFileType = image.png; path = "help@2x.png"; sourceTree = "<group>"; };
		9ECCAD8A17F0E556001EAF4C /* downarrow.png */ = {isa = PBXFileReference; lastKnownFileType = image.png; path = downarrow.png; sourceTree = "<group>"; };
		9ECCAD8B17F0E556001EAF4C /* downarrow@2x.png */ = {isa = PBXFileReference; lastKnownFileType = image.png; path = "downarrow@2x.png"; sourceTree = "<group>"; };
		9ECCAD9017F0E696001EAF4C /* compare-dash.png */ = {isa = PBXFileReference; lastKnownFileType = image.png; path = "compare-dash.png"; sourceTree = "<group>"; };
		9ECCAD9117F0E696001EAF4C /* compare-dash@2x.png */ = {isa = PBXFileReference; lastKnownFileType = image.png; path = "compare-dash@2x.png"; sourceTree = "<group>"; };
		9ECCAD9217F0E696001EAF4C /* doubledownarrow.png */ = {isa = PBXFileReference; lastKnownFileType = image.png; path = doubledownarrow.png; sourceTree = "<group>"; };
		9ECCAD9317F0E696001EAF4C /* doubledownarrow@2x.png */ = {isa = PBXFileReference; lastKnownFileType = image.png; path = "doubledownarrow@2x.png"; sourceTree = "<group>"; };
		9ECCAD9C17F0E724001EAF4C /* sfh-dash.png */ = {isa = PBXFileReference; lastKnownFileType = image.png; path = "sfh-dash.png"; sourceTree = "<group>"; };
		9ECCAD9D17F0E724001EAF4C /* sfh-dash@2x.png */ = {isa = PBXFileReference; lastKnownFileType = image.png; path = "sfh-dash@2x.png"; sourceTree = "<group>"; };
		9ECCADA217F0E7B8001EAF4C /* lifestyle-beach-dash.png */ = {isa = PBXFileReference; lastKnownFileType = image.png; path = "lifestyle-beach-dash.png"; sourceTree = "<group>"; };
		9ECCADA317F0E7B8001EAF4C /* lifestyle-beach-dash@2x.png */ = {isa = PBXFileReference; lastKnownFileType = image.png; path = "lifestyle-beach-dash@2x.png"; sourceTree = "<group>"; };
		9ECCADA817F0E809001EAF4C /* couple-dash.png */ = {isa = PBXFileReference; lastKnownFileType = image.png; path = "couple-dash.png"; sourceTree = "<group>"; };
		9ECCADA917F0E809001EAF4C /* couple-dash@2x.png */ = {isa = PBXFileReference; lastKnownFileType = image.png; path = "couple-dash@2x.png"; sourceTree = "<group>"; };
		D610B4FC17D15E5500C6EE4A /* kunanceUser.h */ = {isa = PBXFileReference; fileEncoding = 4; lastKnownFileType = sourcecode.c.h; name = kunanceUser.h; path = Model/kunanceUser.h; sourceTree = "<group>"; };
		D610B4FD17D15E5500C6EE4A /* kunanceUser.m */ = {isa = PBXFileReference; fileEncoding = 4; lastKnownFileType = sourcecode.c.objc; name = kunanceUser.m; path = Model/kunanceUser.m; sourceTree = "<group>"; };
		D6468B0A17DAF8CD0056EF57 /* PKRevealController.h */ = {isa = PBXFileReference; fileEncoding = 4; lastKnownFileType = sourcecode.c.h; path = PKRevealController.h; sourceTree = "<group>"; };
		D6468B0B17DAF8CD0056EF57 /* PKRevealController.m */ = {isa = PBXFileReference; fileEncoding = 4; lastKnownFileType = sourcecode.c.objc; path = PKRevealController.m; sourceTree = "<group>"; };
		D6468B0C17DAF8CD0056EF57 /* PKRevealControllerContainerView.h */ = {isa = PBXFileReference; fileEncoding = 4; lastKnownFileType = sourcecode.c.h; path = PKRevealControllerContainerView.h; sourceTree = "<group>"; };
		D6468B0D17DAF8CD0056EF57 /* PKRevealControllerContainerView.m */ = {isa = PBXFileReference; fileEncoding = 4; lastKnownFileType = sourcecode.c.objc; path = PKRevealControllerContainerView.m; sourceTree = "<group>"; };
		D6468B0E17DAF8CD0056EF57 /* UIViewController+PKRevealController.h */ = {isa = PBXFileReference; fileEncoding = 4; lastKnownFileType = sourcecode.c.h; path = "UIViewController+PKRevealController.h"; sourceTree = "<group>"; };
		D6468B0F17DAF8CD0056EF57 /* UIViewController+PKRevealController.m */ = {isa = PBXFileReference; fileEncoding = 4; lastKnownFileType = sourcecode.c.objc; path = "UIViewController+PKRevealController.m"; sourceTree = "<group>"; };
		D67EFDDF17CCE1280082F6C7 /* HomeBuyer.app */ = {isa = PBXFileReference; explicitFileType = wrapper.application; includeInIndex = 0; path = HomeBuyer.app; sourceTree = BUILT_PRODUCTS_DIR; };
		D67EFDE217CCE1280082F6C7 /* Foundation.framework */ = {isa = PBXFileReference; lastKnownFileType = wrapper.framework; name = Foundation.framework; path = System/Library/Frameworks/Foundation.framework; sourceTree = SDKROOT; };
		D67EFDE417CCE1280082F6C7 /* CoreGraphics.framework */ = {isa = PBXFileReference; lastKnownFileType = wrapper.framework; name = CoreGraphics.framework; path = System/Library/Frameworks/CoreGraphics.framework; sourceTree = SDKROOT; };
		D67EFDE617CCE1280082F6C7 /* UIKit.framework */ = {isa = PBXFileReference; lastKnownFileType = wrapper.framework; name = UIKit.framework; path = System/Library/Frameworks/UIKit.framework; sourceTree = SDKROOT; };
		D67EFDE817CCE1280082F6C7 /* CoreData.framework */ = {isa = PBXFileReference; lastKnownFileType = wrapper.framework; name = CoreData.framework; path = System/Library/Frameworks/CoreData.framework; sourceTree = SDKROOT; };
		D67EFDEC17CCE1280082F6C7 /* HomeBuyer-Info.plist */ = {isa = PBXFileReference; lastKnownFileType = text.plist.xml; path = "HomeBuyer-Info.plist"; sourceTree = "<group>"; };
		D67EFDEE17CCE1280082F6C7 /* en */ = {isa = PBXFileReference; lastKnownFileType = text.plist.strings; name = en; path = en.lproj/InfoPlist.strings; sourceTree = "<group>"; };
		D67EFDF017CCE1280082F6C7 /* main.m */ = {isa = PBXFileReference; lastKnownFileType = sourcecode.c.objc; path = main.m; sourceTree = "<group>"; };
		D67EFDF217CCE1280082F6C7 /* HomeBuyer-Prefix.pch */ = {isa = PBXFileReference; lastKnownFileType = sourcecode.c.h; path = "HomeBuyer-Prefix.pch"; sourceTree = "<group>"; };
		D67EFDF317CCE1280082F6C7 /* AppDelegate.h */ = {isa = PBXFileReference; lastKnownFileType = sourcecode.c.h; path = AppDelegate.h; sourceTree = "<group>"; };
		D67EFDF417CCE1280082F6C7 /* AppDelegate.m */ = {isa = PBXFileReference; lastKnownFileType = sourcecode.c.objc; path = AppDelegate.m; sourceTree = "<group>"; };
		D67EFDF917CCE1280082F6C7 /* Images.xcassets */ = {isa = PBXFileReference; lastKnownFileType = folder.assetcatalog; path = Images.xcassets; sourceTree = "<group>"; };
		D67EFDFF17CCE1290082F6C7 /* HomeBuyerTests.xctest */ = {isa = PBXFileReference; explicitFileType = wrapper.cfbundle; includeInIndex = 0; path = HomeBuyerTests.xctest; sourceTree = BUILT_PRODUCTS_DIR; };
		D67EFE0017CCE1290082F6C7 /* XCTest.framework */ = {isa = PBXFileReference; lastKnownFileType = wrapper.framework; name = XCTest.framework; path = Library/Frameworks/XCTest.framework; sourceTree = DEVELOPER_DIR; };
		D67EFE0917CCE1290082F6C7 /* HomeBuyerTests-Info.plist */ = {isa = PBXFileReference; lastKnownFileType = text.plist.xml; path = "HomeBuyerTests-Info.plist"; sourceTree = "<group>"; };
		D67EFE0B17CCE1290082F6C7 /* en */ = {isa = PBXFileReference; lastKnownFileType = text.plist.strings; name = en; path = en.lproj/InfoPlist.strings; sourceTree = "<group>"; };
		D67EFE0D17CCE1290082F6C7 /* HomeBuyerTests.m */ = {isa = PBXFileReference; lastKnownFileType = sourcecode.c.objc; path = HomeBuyerTests.m; sourceTree = "<group>"; };
		D6842E5017DD22060028AF00 /* MenuIcon@2x.png */ = {isa = PBXFileReference; lastKnownFileType = image.png; path = "MenuIcon@2x.png"; sourceTree = "<group>"; };
		D6842E5117DD22060028AF00 /* MenuIcon.png */ = {isa = PBXFileReference; lastKnownFileType = image.png; path = MenuIcon.png; sourceTree = "<group>"; };
		D6842E5417DD2FD80028AF00 /* userPFInfo.h */ = {isa = PBXFileReference; fileEncoding = 4; lastKnownFileType = sourcecode.c.h; name = userPFInfo.h; path = Model/userPFInfo.h; sourceTree = "<group>"; };
		D6842E5517DD2FD80028AF00 /* userPFInfo.m */ = {isa = PBXFileReference; fileEncoding = 4; lastKnownFileType = sourcecode.c.objc; name = userPFInfo.m; path = Model/userPFInfo.m; sourceTree = "<group>"; };
		D6842E5817DD317F0028AF00 /* userFixedExpensesInfo.h */ = {isa = PBXFileReference; fileEncoding = 4; lastKnownFileType = sourcecode.c.h; name = userFixedExpensesInfo.h; path = Model/userFixedExpensesInfo.h; sourceTree = "<group>"; };
		D6842E5917DD317F0028AF00 /* userFixedExpensesInfo.m */ = {isa = PBXFileReference; fileEncoding = 4; lastKnownFileType = sourcecode.c.objc; name = userFixedExpensesInfo.m; path = Model/userFixedExpensesInfo.m; sourceTree = "<group>"; };
		D6842E5C17DD32510028AF00 /* usersLoansList.h */ = {isa = PBXFileReference; fileEncoding = 4; lastKnownFileType = sourcecode.c.h; name = usersLoansList.h; path = Model/usersLoansList.h; sourceTree = "<group>"; };
		D6842E5D17DD32510028AF00 /* usersLoansList.m */ = {isa = PBXFileReference; fileEncoding = 4; lastKnownFileType = sourcecode.c.objc; name = usersLoansList.m; path = Model/usersLoansList.m; sourceTree = "<group>"; };
		D6842E6017DD95E30028AF00 /* loan.h */ = {isa = PBXFileReference; fileEncoding = 4; lastKnownFileType = sourcecode.c.h; name = loan.h; path = Model/loan.h; sourceTree = "<group>"; };
		D6842E6117DD95E30028AF00 /* loan.m */ = {isa = PBXFileReference; fileEncoding = 4; lastKnownFileType = sourcecode.c.objc; name = loan.m; path = Model/loan.m; sourceTree = "<group>"; };
		D6842E6417DD97090028AF00 /* homeInfo.h */ = {isa = PBXFileReference; fileEncoding = 4; lastKnownFileType = sourcecode.c.h; name = homeInfo.h; path = Model/homeInfo.h; sourceTree = "<group>"; };
		D6842E6517DD97090028AF00 /* homeInfo.m */ = {isa = PBXFileReference; fileEncoding = 4; lastKnownFileType = sourcecode.c.objc; name = homeInfo.m; path = Model/homeInfo.m; sourceTree = "<group>"; };
		D6842E6817DD9A670028AF00 /* homeAddress.h */ = {isa = PBXFileReference; fileEncoding = 4; lastKnownFileType = sourcecode.c.h; name = homeAddress.h; path = Model/homeAddress.h; sourceTree = "<group>"; };
		D6842E6917DD9A670028AF00 /* homeAddress.m */ = {isa = PBXFileReference; fileEncoding = 4; lastKnownFileType = sourcecode.c.objc; name = homeAddress.m; path = Model/homeAddress.m; sourceTree = "<group>"; };
		D6842E6C17DDA8720028AF00 /* UsersHomesList.h */ = {isa = PBXFileReference; fileEncoding = 4; lastKnownFileType = sourcecode.c.h; name = UsersHomesList.h; path = Model/UsersHomesList.h; sourceTree = "<group>"; };
		D6842E6D17DDA8720028AF00 /* UsersHomesList.m */ = {isa = PBXFileReference; fileEncoding = 4; lastKnownFileType = sourcecode.c.objc; name = UsersHomesList.m; path = Model/UsersHomesList.m; sourceTree = "<group>"; };
		D696EB1717D50ABA00F475F3 /* MobileCoreServices.framework */ = {isa = PBXFileReference; lastKnownFileType = wrapper.framework; name = MobileCoreServices.framework; path = System/Library/Frameworks/MobileCoreServices.framework; sourceTree = SDKROOT; };
		D696EB1917D50AEE00F475F3 /* Security.framework */ = {isa = PBXFileReference; lastKnownFileType = wrapper.framework; name = Security.framework; path = System/Library/Frameworks/Security.framework; sourceTree = SDKROOT; };
		D696EB1F17D5127400F475F3 /* kunanceConstants.h */ = {isa = PBXFileReference; fileEncoding = 4; lastKnownFileType = sourcecode.c.h; path = kunanceConstants.h; sourceTree = "<group>"; };
		D6B93F6017E96F9F0049B5D5 /* APIService.h */ = {isa = PBXFileReference; fileEncoding = 4; lastKnownFileType = sourcecode.c.h; path = APIService.h; sourceTree = "<group>"; };
		D6B93F6117E96F9F0049B5D5 /* APIService.m */ = {isa = PBXFileReference; fileEncoding = 4; lastKnownFileType = sourcecode.c.objc; path = APIService.m; sourceTree = "<group>"; };
		D6C88B2717DA79AA00DEA25D /* MainController.m */ = {isa = PBXFileReference; fileEncoding = 4; lastKnownFileType = sourcecode.c.objc; name = MainController.m; path = Controller/MainController.m; sourceTree = "<group>"; };
		D6C88B2817DA79AA00DEA25D /* MainController.h */ = {isa = PBXFileReference; fileEncoding = 4; lastKnownFileType = sourcecode.c.h; name = MainController.h; path = Controller/MainController.h; sourceTree = "<group>"; };
		D6C88B2A17DA7B1600DEA25D /* SignUpViewController.h */ = {isa = PBXFileReference; fileEncoding = 4; lastKnownFileType = sourcecode.c.h; name = SignUpViewController.h; path = Controller/SignUpViewController.h; sourceTree = "<group>"; };
		D6C88B2B17DA7B1600DEA25D /* SignUpViewController.m */ = {isa = PBXFileReference; fileEncoding = 4; lastKnownFileType = sourcecode.c.objc; name = SignUpViewController.m; path = Controller/SignUpViewController.m; sourceTree = "<group>"; };
		D6C88B2C17DA7B1600DEA25D /* LoginViewController.h */ = {isa = PBXFileReference; fileEncoding = 4; lastKnownFileType = sourcecode.c.h; name = LoginViewController.h; path = Controller/LoginViewController.h; sourceTree = "<group>"; };
		D6C88B2D17DA7B1600DEA25D /* LoginViewController.m */ = {isa = PBXFileReference; fileEncoding = 4; lastKnownFileType = sourcecode.c.objc; name = LoginViewController.m; path = Controller/LoginViewController.m; sourceTree = "<group>"; };
		D6C88B3217DA7B3000DEA25D /* SignUpViewController.xib */ = {isa = PBXFileReference; fileEncoding = 4; lastKnownFileType = file.xib; name = SignUpViewController.xib; path = View/SignUpViewController.xib; sourceTree = "<group>"; };
		D6C88B3317DA7B3000DEA25D /* LoginViewController.xib */ = {isa = PBXFileReference; fileEncoding = 4; lastKnownFileType = file.xib; name = LoginViewController.xib; path = View/LoginViewController.xib; sourceTree = "<group>"; };
		D6C88B3617DA7B7D00DEA25D /* kunanceError.h */ = {isa = PBXFileReference; fileEncoding = 4; lastKnownFileType = sourcecode.c.h; name = kunanceError.h; path = Utilities/kunanceError.h; sourceTree = "<group>"; };
		D6C88B3717DA7B7D00DEA25D /* Utilities.m */ = {isa = PBXFileReference; fileEncoding = 4; lastKnownFileType = sourcecode.c.objc; name = Utilities.m; path = Utilities/Utilities.m; sourceTree = "<group>"; };
		D6C88B3817DA7B7D00DEA25D /* Utilities.h */ = {isa = PBXFileReference; fileEncoding = 4; lastKnownFileType = sourcecode.c.h; name = Utilities.h; path = Utilities/Utilities.h; sourceTree = "<group>"; };
		D6C88B3917DA7B7D00DEA25D /* KeychainWrapper.m */ = {isa = PBXFileReference; fileEncoding = 4; lastKnownFileType = sourcecode.c.objc; name = KeychainWrapper.m; path = Utilities/KeychainWrapper.m; sourceTree = "<group>"; };
		D6C88B3A17DA7B7D00DEA25D /* KeychainWrapper.h */ = {isa = PBXFileReference; fileEncoding = 4; lastKnownFileType = sourcecode.c.h; name = KeychainWrapper.h; path = Utilities/KeychainWrapper.h; sourceTree = "<group>"; };
		D6C88B4117DA7BEE00DEA25D /* DashUserPFInfoEnteredView.xib */ = {isa = PBXFileReference; fileEncoding = 4; lastKnownFileType = file.xib; name = DashUserPFInfoEnteredView.xib; path = View/DashUserPFInfoEnteredView.xib; sourceTree = "<group>"; };
		D6C88B4317DA7C0900DEA25D /* Dash1HomeEnteredView.xib */ = {isa = PBXFileReference; fileEncoding = 4; lastKnownFileType = file.xib; name = Dash1HomeEnteredView.xib; path = View/Dash1HomeEnteredView.xib; sourceTree = "<group>"; };
		D6C88B4517DA7F7200DEA25D /* DashMultipleHomesView.xib */ = {isa = PBXFileReference; fileEncoding = 4; lastKnownFileType = file.xib; name = DashMultipleHomesView.xib; path = View/DashMultipleHomesView.xib; sourceTree = "<group>"; };
		D6C88B4717DA7FEC00DEA25D /* DashboardViewController.h */ = {isa = PBXFileReference; fileEncoding = 4; lastKnownFileType = sourcecode.c.h; name = DashboardViewController.h; path = Controller/DashboardViewController.h; sourceTree = "<group>"; };
		D6C88B4817DA7FEC00DEA25D /* DashboardViewController.m */ = {isa = PBXFileReference; fileEncoding = 4; lastKnownFileType = sourcecode.c.objc; name = DashboardViewController.m; path = Controller/DashboardViewController.m; sourceTree = "<group>"; };
		D6C88B4C17DA800F00DEA25D /* DashboardViewController.xib */ = {isa = PBXFileReference; fileEncoding = 4; lastKnownFileType = file.xib; name = DashboardViewController.xib; path = View/DashboardViewController.xib; sourceTree = "<group>"; };
		D6C890B517DC4426007CB46F /* LeftMenuViewController.h */ = {isa = PBXFileReference; fileEncoding = 4; lastKnownFileType = sourcecode.c.h; path = LeftMenuViewController.h; sourceTree = "<group>"; };
		D6C890B617DC4426007CB46F /* LeftMenuViewController.m */ = {isa = PBXFileReference; fileEncoding = 4; lastKnownFileType = sourcecode.c.objc; path = LeftMenuViewController.m; sourceTree = "<group>"; };
		D6C890B717DC4426007CB46F /* LeftMenuViewController.xib */ = {isa = PBXFileReference; fileEncoding = 4; lastKnownFileType = file.xib; path = LeftMenuViewController.xib; sourceTree = "<group>"; };
		D6E6EE4D17E659DD005D7526 /* AboutYouViewController.h */ = {isa = PBXFileReference; fileEncoding = 4; lastKnownFileType = sourcecode.c.h; name = AboutYouViewController.h; path = Controller/AboutYouViewController.h; sourceTree = "<group>"; };
		D6E6EE4E17E659DD005D7526 /* AboutYouViewController.m */ = {isa = PBXFileReference; fileEncoding = 4; lastKnownFileType = sourcecode.c.objc; name = AboutYouViewController.m; path = Controller/AboutYouViewController.m; sourceTree = "<group>"; };
		D6E6EE4F17E659DD005D7526 /* AboutYouViewController.xib */ = {isa = PBXFileReference; fileEncoding = 4; lastKnownFileType = file.xib; name = AboutYouViewController.xib; path = Controller/AboutYouViewController.xib; sourceTree = "<group>"; };
		D6E6EE5217E65A8A005D7526 /* couple.png */ = {isa = PBXFileReference; lastKnownFileType = image.png; path = couple.png; sourceTree = "<group>"; };
		D6E6EE5317E65A8A005D7526 /* couple@2x.png */ = {isa = PBXFileReference; lastKnownFileType = image.png; path = "couple@2x.png"; sourceTree = "<group>"; };
		D6E6EE5617E65A9E005D7526 /* single.png */ = {isa = PBXFileReference; lastKnownFileType = image.png; path = single.png; sourceTree = "<group>"; };
		D6E6EE5717E65A9E005D7526 /* single@2x.png */ = {isa = PBXFileReference; lastKnownFileType = image.png; path = "single@2x.png"; sourceTree = "<group>"; };
		D6E6EE5A17E65AAF005D7526 /* salary.png */ = {isa = PBXFileReference; lastKnownFileType = image.png; path = salary.png; sourceTree = "<group>"; };
		D6E6EE5B17E65AAF005D7526 /* salary@2x.png */ = {isa = PBXFileReference; lastKnownFileType = image.png; path = "salary@2x.png"; sourceTree = "<group>"; };
		D6E6EE5E17E65AC0005D7526 /* savings.png */ = {isa = PBXFileReference; lastKnownFileType = image.png; path = savings.png; sourceTree = "<group>"; };
		D6E6EE5F17E65AC0005D7526 /* savings@2x.png */ = {isa = PBXFileReference; lastKnownFileType = image.png; path = "savings@2x.png"; sourceTree = "<group>"; };
		D6E6EE6217E65AD1005D7526 /* children.png */ = {isa = PBXFileReference; lastKnownFileType = image.png; path = children.png; sourceTree = "<group>"; };
		D6E6EE6317E65AD1005D7526 /* children@2x.png */ = {isa = PBXFileReference; lastKnownFileType = image.png; path = "children@2x.png"; sourceTree = "<group>"; };
		D6E6EE6617E65AE2005D7526 /* dashboard.png */ = {isa = PBXFileReference; lastKnownFileType = image.png; path = dashboard.png; sourceTree = "<group>"; };
		D6E6EE6717E65AE2005D7526 /* dashboard@2x.png */ = {isa = PBXFileReference; lastKnownFileType = image.png; path = "dashboard@2x.png"; sourceTree = "<group>"; };
		D6E6EE6A17E660EA005D7526 /* single-selected.png */ = {isa = PBXFileReference; lastKnownFileType = image.png; path = "single-selected.png"; sourceTree = "<group>"; };
		D6E6EE6B17E660EA005D7526 /* single-selected@2x.png */ = {isa = PBXFileReference; lastKnownFileType = image.png; path = "single-selected@2x.png"; sourceTree = "<group>"; };
		D6E6EE6E17E660F9005D7526 /* couple-selected.png */ = {isa = PBXFileReference; lastKnownFileType = image.png; path = "couple-selected.png"; sourceTree = "<group>"; };
		D6E6EE6F17E660F9005D7526 /* couple-selected@2x.png */ = {isa = PBXFileReference; lastKnownFileType = image.png; path = "couple-selected@2x.png"; sourceTree = "<group>"; };
		D6E6EEAE17E79D05005D7526 /* ExpensesViewController.h */ = {isa = PBXFileReference; fileEncoding = 4; lastKnownFileType = sourcecode.c.h; name = ExpensesViewController.h; path = Controller/ExpensesViewController.h; sourceTree = "<group>"; };
		D6E6EEAF17E79D05005D7526 /* ExpensesViewController.m */ = {isa = PBXFileReference; fileEncoding = 4; lastKnownFileType = sourcecode.c.objc; name = ExpensesViewController.m; path = Controller/ExpensesViewController.m; sourceTree = "<group>"; };
		D6E6EEB017E79D05005D7526 /* ExpensesViewController.xib */ = {isa = PBXFileReference; fileEncoding = 4; lastKnownFileType = file.xib; name = ExpensesViewController.xib; path = Controller/ExpensesViewController.xib; sourceTree = "<group>"; };
		D6E6EEB517E79D6F005D7526 /* rent.png */ = {isa = PBXFileReference; lastKnownFileType = image.png; path = rent.png; sourceTree = "<group>"; };
		D6E6EEB617E79D6F005D7526 /* rent@2x.png */ = {isa = PBXFileReference; lastKnownFileType = image.png; path = "rent@2x.png"; sourceTree = "<group>"; };
		D6E6EEB917E79D7D005D7526 /* car.png */ = {isa = PBXFileReference; lastKnownFileType = image.png; path = car.png; sourceTree = "<group>"; };
		D6E6EEBA17E79D7D005D7526 /* car@2x.png */ = {isa = PBXFileReference; lastKnownFileType = image.png; path = "car@2x.png"; sourceTree = "<group>"; };
		D6E6EEBD17E79D8C005D7526 /* otherexpenses.png */ = {isa = PBXFileReference; lastKnownFileType = image.png; path = otherexpenses.png; sourceTree = "<group>"; };
		D6E6EEBE17E79D8C005D7526 /* otherexpenses@2x.png */ = {isa = PBXFileReference; lastKnownFileType = image.png; path = "otherexpenses@2x.png"; sourceTree = "<group>"; };
		D6E6EEC117E79DA8005D7526 /* back-icon.png */ = {isa = PBXFileReference; lastKnownFileType = image.png; path = "back-icon.png"; sourceTree = "<group>"; };
		D6E6EEC217E79DA8005D7526 /* back-icon@2x.png */ = {isa = PBXFileReference; lastKnownFileType = image.png; path = "back-icon@2x.png"; sourceTree = "<group>"; };
		D6F9D41117DE72CF001DE8D1 /* DashNoInfoEnteredView.xib */ = {isa = PBXFileReference; fileEncoding = 4; lastKnownFileType = file.xib; path = DashNoInfoEnteredView.xib; sourceTree = "<group>"; };
		D6F9D41517DE73E0001DE8D1 /* DashNoInfoEnteredView.h */ = {isa = PBXFileReference; fileEncoding = 4; lastKnownFileType = sourcecode.c.h; name = DashNoInfoEnteredView.h; path = View/DashNoInfoEnteredView.h; sourceTree = "<group>"; };
		D6F9D41617DE73E0001DE8D1 /* DashNoInfoEnteredView.m */ = {isa = PBXFileReference; fileEncoding = 4; lastKnownFileType = sourcecode.c.objc; name = DashNoInfoEnteredView.m; path = View/DashNoInfoEnteredView.m; sourceTree = "<group>"; };
/* End PBXFileReference section */

/* Begin PBXFrameworksBuildPhase section */
		D67EFDDC17CCE1280082F6C7 /* Frameworks */ = {
			isa = PBXFrameworksBuildPhase;
			buildActionMask = 2147483647;
			files = (
				D696EB1A17D50AEE00F475F3 /* Security.framework in Frameworks */,
				9ECCAD3A17F0C8BD001EAF4C /* FFEF.framework in Frameworks */,
				D696EB1817D50ABA00F475F3 /* MobileCoreServices.framework in Frameworks */,
				D67EFDE517CCE1280082F6C7 /* CoreGraphics.framework in Frameworks */,
				D67EFDE917CCE1280082F6C7 /* CoreData.framework in Frameworks */,
				D67EFDE717CCE1280082F6C7 /* UIKit.framework in Frameworks */,
				D67EFDE317CCE1280082F6C7 /* Foundation.framework in Frameworks */,
			);
			runOnlyForDeploymentPostprocessing = 0;
		};
		D67EFDFC17CCE1290082F6C7 /* Frameworks */ = {
			isa = PBXFrameworksBuildPhase;
			buildActionMask = 2147483647;
			files = (
				D67EFE0117CCE1290082F6C7 /* XCTest.framework in Frameworks */,
				D67EFE0417CCE1290082F6C7 /* CoreData.framework in Frameworks */,
				9ECCAD3B17F0C8BD001EAF4C /* FFEF.framework in Frameworks */,
				D67EFE0317CCE1290082F6C7 /* UIKit.framework in Frameworks */,
				D67EFE0217CCE1290082F6C7 /* Foundation.framework in Frameworks */,
			);
			runOnlyForDeploymentPostprocessing = 0;
		};
/* End PBXFrameworksBuildPhase section */

/* Begin PBXGroup section */
		9EA5D3C917F15C1C00CE7BD8 /* HomeInfo */ = {
			isa = PBXGroup;
			children = (
				9EA5D3D017F15DC500CE7BD8 /* besthomefeature.png */,
				9EA5D3D117F15DC500CE7BD8 /* besthomefeature@2x.png */,
				9EA5D3D217F15DC500CE7BD8 /* condo-selected.png */,
				9EA5D3D317F15DC500CE7BD8 /* condo-selected@2x.png */,
				9EA5D3D417F15DC500CE7BD8 /* condo.png */,
				9EA5D3D517F15DC500CE7BD8 /* condo@2x.png */,
				9EA5D3D617F15DC500CE7BD8 /* hoa.png */,
				9EA5D3D717F15DC500CE7BD8 /* hoa@2x.png */,
				9EA5D3D817F15DC500CE7BD8 /* homeprice.png */,
				9EA5D3D917F15DC500CE7BD8 /* homeprice@2x.png */,
				9EA5D3DA17F15DC500CE7BD8 /* sfh-homeinfo-selected.png */,
				9EA5D3DB17F15DC500CE7BD8 /* sfh-homeinfo-selected@2x.png */,
				9EA5D3DC17F15DC500CE7BD8 /* sfh-homeinfo.png */,
				9EA5D3DD17F15DC500CE7BD8 /* sfh-homeinfo@2x.png */,
				9EA5D3CC17F15C8200CE7BD8 /* HomeInfoViewController.xib */,
			);
			name = HomeInfo;
			sourceTree = "<group>";
		};
		9EA5D3CF17F15D0200CE7BD8 /* HomeInfo */ = {
			isa = PBXGroup;
			children = (
				9EA5D3CA17F15C8100CE7BD8 /* HomeInfoViewController.h */,
				9EA5D3CB17F15C8200CE7BD8 /* HomeInfoViewController.m */,
			);
			name = HomeInfo;
			sourceTree = "<group>";
		};
		9EA5D3EC17F1621B00CE7BD8 /* HomeAddress */ = {
			isa = PBXGroup;
			children = (
				9EA5D3F317F1627300CE7BD8 /* city.png */,
				9EA5D3F417F1627300CE7BD8 /* city@2x.png */,
				9EA5D3F517F1627300CE7BD8 /* location.png */,
				9EA5D3F617F1627300CE7BD8 /* location@2x.png */,
				9EA5D3F717F1627300CE7BD8 /* street.png */,
				9EA5D3F817F1627300CE7BD8 /* street@2x.png */,
				9EA5D3EF17F1624300CE7BD8 /* HomeAddressViewController.xib */,
			);
			name = HomeAddress;
			sourceTree = "<group>";
		};
		9EA5D3F217F1624E00CE7BD8 /* HomeAddress */ = {
			isa = PBXGroup;
			children = (
				9EA5D3ED17F1624300CE7BD8 /* HomeAddressViewController.h */,
				9EA5D3EE17F1624300CE7BD8 /* HomeAddressViewController.m */,
			);
			name = HomeAddress;
			sourceTree = "<group>";
		};
		9EA5D3FF17F162A100CE7BD8 /* LoanInfo */ = {
			isa = PBXGroup;
			children = (
				9EA5D40617F162DE00CE7BD8 /* downpayment.png */,
				9EA5D40717F162DE00CE7BD8 /* downpayment@2x.png */,
				9EA5D40817F162DE00CE7BD8 /* interestrate.png */,
				9EA5D40917F162DE00CE7BD8 /* interestrate@2x.png */,
				9EA5D40A17F162DE00CE7BD8 /* loantime.png */,
				9EA5D40B17F162DE00CE7BD8 /* loantime@2x.png */,
				9EA5D40217F162B500CE7BD8 /* LoanInfoViewController.xib */,
			);
			name = LoanInfo;
			sourceTree = "<group>";
		};
		9EA5D40517F162BC00CE7BD8 /* LoanInfo */ = {
			isa = PBXGroup;
			children = (
				9EA5D40017F162B500CE7BD8 /* LoanInfoViewController.h */,
				9EA5D40117F162B500CE7BD8 /* LoanInfoViewController.m */,
			);
			name = LoanInfo;
			sourceTree = "<group>";
		};
		D6468ADD17DAA6670056EF57 /* External */ = {
			isa = PBXGroup;
			children = (
				D6468B0917DAF8B50056EF57 /* PKRevealController */,
			);
			name = External;
			sourceTree = "<group>";
		};
		D6468B0917DAF8B50056EF57 /* PKRevealController */ = {
			isa = PBXGroup;
			children = (
				D6468B0A17DAF8CD0056EF57 /* PKRevealController.h */,
				D6468B0B17DAF8CD0056EF57 /* PKRevealController.m */,
				D6468B0C17DAF8CD0056EF57 /* PKRevealControllerContainerView.h */,
				D6468B0D17DAF8CD0056EF57 /* PKRevealControllerContainerView.m */,
				D6468B0E17DAF8CD0056EF57 /* UIViewController+PKRevealController.h */,
				D6468B0F17DAF8CD0056EF57 /* UIViewController+PKRevealController.m */,
			);
			name = PKRevealController;
			sourceTree = "<group>";
		};
		D64AAF3217D916FC006CA7E4 /* Login/Signup */ = {
			isa = PBXGroup;
			children = (
				D6C88B2A17DA7B1600DEA25D /* SignUpViewController.h */,
				D6C88B2B17DA7B1600DEA25D /* SignUpViewController.m */,
				D6C88B2C17DA7B1600DEA25D /* LoginViewController.h */,
				D6C88B2D17DA7B1600DEA25D /* LoginViewController.m */,
			);
			name = Login/Signup;
			sourceTree = "<group>";
		};
		D67EFDD617CCE1280082F6C7 = {
			isa = PBXGroup;
			children = (
				D67EFDEA17CCE1280082F6C7 /* HomeBuyer */,
				D67EFE0717CCE1290082F6C7 /* HomeBuyerTests */,
				D67EFDE117CCE1280082F6C7 /* Frameworks */,
				D67EFDE017CCE1280082F6C7 /* Products */,
			);
			sourceTree = "<group>";
		};
		D67EFDE017CCE1280082F6C7 /* Products */ = {
			isa = PBXGroup;
			children = (
				D67EFDDF17CCE1280082F6C7 /* HomeBuyer.app */,
				D67EFDFF17CCE1290082F6C7 /* HomeBuyerTests.xctest */,
			);
			name = Products;
			sourceTree = "<group>";
		};
		D67EFDE117CCE1280082F6C7 /* Frameworks */ = {
			isa = PBXGroup;
			children = (
				9ECCAD3917F0C8BD001EAF4C /* FFEF.framework */,
				D696EB1917D50AEE00F475F3 /* Security.framework */,
				D696EB1717D50ABA00F475F3 /* MobileCoreServices.framework */,
				D67EFDE217CCE1280082F6C7 /* Foundation.framework */,
				D67EFDE417CCE1280082F6C7 /* CoreGraphics.framework */,
				D67EFDE617CCE1280082F6C7 /* UIKit.framework */,
				D67EFDE817CCE1280082F6C7 /* CoreData.framework */,
				D67EFE0017CCE1290082F6C7 /* XCTest.framework */,
			);
			name = Frameworks;
			sourceTree = "<group>";
		};
		D67EFDEA17CCE1280082F6C7 /* HomeBuyer */ = {
			isa = PBXGroup;
			children = (
				D6468ADD17DAA6670056EF57 /* External */,
				D68462C917D0751F00EF769B /* Utilities */,
				D68462C617D0673900EF769B /* Application */,
				D6EEFFC817CDBDFA00EB28C7 /* Resources */,
				D6EEFFC717CDBDF100EB28C7 /* Service */,
				D6EEFFC617CDBDEA00EB28C7 /* Controller */,
				D6EEFFC517CDBDE500EB28C7 /* View */,
				D6EEFFC417CDBDCD00EB28C7 /* Model */,
				D67EFDF917CCE1280082F6C7 /* Images.xcassets */,
				D67EFDEB17CCE1280082F6C7 /* Supporting Files */,
			);
			path = HomeBuyer;
			sourceTree = "<group>";
		};
		D67EFDEB17CCE1280082F6C7 /* Supporting Files */ = {
			isa = PBXGroup;
			children = (
				D67EFDEC17CCE1280082F6C7 /* HomeBuyer-Info.plist */,
				D67EFDED17CCE1280082F6C7 /* InfoPlist.strings */,
				D67EFDF017CCE1280082F6C7 /* main.m */,
				D67EFDF217CCE1280082F6C7 /* HomeBuyer-Prefix.pch */,
			);
			name = "Supporting Files";
			sourceTree = "<group>";
		};
		D67EFE0717CCE1290082F6C7 /* HomeBuyerTests */ = {
			isa = PBXGroup;
			children = (
				D67EFE0D17CCE1290082F6C7 /* HomeBuyerTests.m */,
				D67EFE0817CCE1290082F6C7 /* Supporting Files */,
			);
			path = HomeBuyerTests;
			sourceTree = "<group>";
		};
		D67EFE0817CCE1290082F6C7 /* Supporting Files */ = {
			isa = PBXGroup;
			children = (
				D67EFE0917CCE1290082F6C7 /* HomeBuyerTests-Info.plist */,
				D67EFE0A17CCE1290082F6C7 /* InfoPlist.strings */,
			);
			name = "Supporting Files";
			sourceTree = "<group>";
		};
		D6842E4E17DD21F30028AF00 /* New Group */ = {
			isa = PBXGroup;
			children = (
			);
			name = "New Group";
			sourceTree = "<group>";
		};
		D6842E4F17DD21F90028AF00 /* Dashboard */ = {
			isa = PBXGroup;
			children = (
				D6842E5017DD22060028AF00 /* MenuIcon@2x.png */,
				D6842E5117DD22060028AF00 /* MenuIcon.png */,
			);
			name = Dashboard;
			sourceTree = "<group>";
		};
		D68462C617D0673900EF769B /* Application */ = {
			isa = PBXGroup;
			children = (
				D696EB1F17D5127400F475F3 /* kunanceConstants.h */,
				D67EFDF317CCE1280082F6C7 /* AppDelegate.h */,
				D67EFDF417CCE1280082F6C7 /* AppDelegate.m */,
			);
			name = Application;
			sourceTree = "<group>";
		};
		D68462C917D0751F00EF769B /* Utilities */ = {
			isa = PBXGroup;
			children = (
				D6C88B3617DA7B7D00DEA25D /* kunanceError.h */,
				D6C88B3717DA7B7D00DEA25D /* Utilities.m */,
				D6C88B3817DA7B7D00DEA25D /* Utilities.h */,
				D6C88B3917DA7B7D00DEA25D /* KeychainWrapper.m */,
				D6C88B3A17DA7B7D00DEA25D /* KeychainWrapper.h */,
			);
			name = Utilities;
			sourceTree = "<group>";
		};
		D6C88B2417DA6CF100DEA25D /* Dashboard */ = {
			isa = PBXGroup;
			children = (
				D6C88B4717DA7FEC00DEA25D /* DashboardViewController.h */,
				D6C88B4817DA7FEC00DEA25D /* DashboardViewController.m */,
				D6C890B517DC4426007CB46F /* LeftMenuViewController.h */,
				D6C890B617DC4426007CB46F /* LeftMenuViewController.m */,
			);
			name = Dashboard;
			sourceTree = "<group>";
		};
		D6C88B2517DA6D7900DEA25D /* Login/SignUp */ = {
			isa = PBXGroup;
			children = (
				D6C88B3217DA7B3000DEA25D /* SignUpViewController.xib */,
				D6C88B3317DA7B3000DEA25D /* LoginViewController.xib */,
			);
			name = Login/SignUp;
			sourceTree = "<group>";
		};
		D6C88B2617DA6EEF00DEA25D /* Dashboard */ = {
			isa = PBXGroup;
			children = (
				D6C890B717DC4426007CB46F /* LeftMenuViewController.xib */,
				D6C88B4C17DA800F00DEA25D /* DashboardViewController.xib */,
				D6C88B4117DA7BEE00DEA25D /* DashUserPFInfoEnteredView.xib */,
				D6C88B4317DA7C0900DEA25D /* Dash1HomeEnteredView.xib */,
				D6C88B4517DA7F7200DEA25D /* DashMultipleHomesView.xib */,
			);
			name = Dashboard;
			sourceTree = "<group>";
		};
		D6E6EE4B17E659A7005D7526 /* AboutYou */ = {
			isa = PBXGroup;
			children = (
				D6E6EE6E17E660F9005D7526 /* couple-selected.png */,
				D6E6EE6F17E660F9005D7526 /* couple-selected@2x.png */,
				D6E6EE6A17E660EA005D7526 /* single-selected.png */,
				D6E6EE6B17E660EA005D7526 /* single-selected@2x.png */,
				D6E6EE6617E65AE2005D7526 /* dashboard.png */,
				D6E6EE6717E65AE2005D7526 /* dashboard@2x.png */,
				D6E6EE6217E65AD1005D7526 /* children.png */,
				D6E6EE6317E65AD1005D7526 /* children@2x.png */,
				D6E6EE5A17E65AAF005D7526 /* salary.png */,
				D6E6EE5B17E65AAF005D7526 /* salary@2x.png */,
				D6E6EE5617E65A9E005D7526 /* single.png */,
				D6E6EE5E17E65AC0005D7526 /* savings.png */,
				D6E6EE5F17E65AC0005D7526 /* savings@2x.png */,
				D6E6EE5717E65A9E005D7526 /* single@2x.png */,
				D6E6EE5217E65A8A005D7526 /* couple.png */,
				D6E6EE5317E65A8A005D7526 /* couple@2x.png */,
				D6E6EE4F17E659DD005D7526 /* AboutYouViewController.xib */,
			);
			name = AboutYou;
			sourceTree = "<group>";
		};
		D6E6EE4C17E659AF005D7526 /* AboutYou */ = {
			isa = PBXGroup;
			children = (
				D6E6EE4D17E659DD005D7526 /* AboutYouViewController.h */,
				D6E6EE4E17E659DD005D7526 /* AboutYouViewController.m */,
			);
			name = AboutYou;
			sourceTree = "<group>";
		};
		D6E6EEB317E79D19005D7526 /* Expenses */ = {
			isa = PBXGroup;
			children = (
				D6E6EEAE17E79D05005D7526 /* ExpensesViewController.h */,
				D6E6EEAF17E79D05005D7526 /* ExpensesViewController.m */,
			);
			name = Expenses;
			sourceTree = "<group>";
		};
		D6E6EEB417E79D2A005D7526 /* Expenses */ = {
			isa = PBXGroup;
			children = (
				D6E6EEC117E79DA8005D7526 /* back-icon.png */,
				D6E6EEC217E79DA8005D7526 /* back-icon@2x.png */,
				D6E6EEBD17E79D8C005D7526 /* otherexpenses.png */,
				D6E6EEBE17E79D8C005D7526 /* otherexpenses@2x.png */,
				D6E6EEB917E79D7D005D7526 /* car.png */,
				D6E6EEBA17E79D7D005D7526 /* car@2x.png */,
				D6E6EEB517E79D6F005D7526 /* rent.png */,
				D6E6EEB617E79D6F005D7526 /* rent@2x.png */,
				D6E6EEB017E79D05005D7526 /* ExpensesViewController.xib */,
			);
			name = Expenses;
			sourceTree = "<group>";
		};
		D6EEFFC417CDBDCD00EB28C7 /* Model */ = {
			isa = PBXGroup;
			children = (
				D610B4FC17D15E5500C6EE4A /* kunanceUser.h */,
				D610B4FD17D15E5500C6EE4A /* kunanceUser.m */,
				D6842E5417DD2FD80028AF00 /* userPFInfo.h */,
				D6842E5517DD2FD80028AF00 /* userPFInfo.m */,
				D6842E5817DD317F0028AF00 /* userFixedExpensesInfo.h */,
				D6842E5917DD317F0028AF00 /* userFixedExpensesInfo.m */,
				D6842E5C17DD32510028AF00 /* usersLoansList.h */,
				D6842E5D17DD32510028AF00 /* usersLoansList.m */,
				D6842E6017DD95E30028AF00 /* loan.h */,
				D6842E6117DD95E30028AF00 /* loan.m */,
				D6842E6417DD97090028AF00 /* homeInfo.h */,
				D6842E6517DD97090028AF00 /* homeInfo.m */,
				D6842E6817DD9A670028AF00 /* homeAddress.h */,
				D6842E6917DD9A670028AF00 /* homeAddress.m */,
				D6842E6C17DDA8720028AF00 /* UsersHomesList.h */,
				D6842E6D17DDA8720028AF00 /* UsersHomesList.m */,
			);
			name = Model;
			sourceTree = "<group>";
		};
		D6EEFFC517CDBDE500EB28C7 /* View */ = {
			isa = PBXGroup;
			children = (
				9EA5D3FF17F162A100CE7BD8 /* LoanInfo */,
				9EA5D3EC17F1621B00CE7BD8 /* HomeAddress */,
				9EA5D3C917F15C1C00CE7BD8 /* HomeInfo */,
				D6E6EEB417E79D2A005D7526 /* Expenses */,
				D6E6EE4B17E659A7005D7526 /* AboutYou */,
				D6F9D3EF17DE66AA001DE8D1 /* NoInfoDash */,
				D6C88B2617DA6EEF00DEA25D /* Dashboard */,
				D6C88B2517DA6D7900DEA25D /* Login/SignUp */,
			);
			name = View;
			sourceTree = "<group>";
		};
		D6EEFFC617CDBDEA00EB28C7 /* Controller */ = {
			isa = PBXGroup;
			children = (
				9EA5D40517F162BC00CE7BD8 /* LoanInfo */,
				9EA5D3F217F1624E00CE7BD8 /* HomeAddress */,
				9EA5D3CF17F15D0200CE7BD8 /* HomeInfo */,
				D6E6EEB317E79D19005D7526 /* Expenses */,
				D6E6EE4C17E659AF005D7526 /* AboutYou */,
				D6C88B2717DA79AA00DEA25D /* MainController.m */,
				D6C88B2817DA79AA00DEA25D /* MainController.h */,
				D6C88B2417DA6CF100DEA25D /* Dashboard */,
				D64AAF3217D916FC006CA7E4 /* Login/Signup */,
			);
			name = Controller;
			sourceTree = "<group>";
		};
		D6EEFFC717CDBDF100EB28C7 /* Service */ = {
			isa = PBXGroup;
			children = (
				D6842E4E17DD21F30028AF00 /* New Group */,
				D6B93F6017E96F9F0049B5D5 /* APIService.h */,
				D6B93F6117E96F9F0049B5D5 /* APIService.m */,
			);
			name = Service;
			sourceTree = "<group>";
		};
		D6EEFFC817CDBDFA00EB28C7 /* Resources */ = {
			isa = PBXGroup;
			children = (
				D6EEFFCB17CDC13F00EB28C7 /* PhoneContent */,
			);
			name = Resources;
			sourceTree = "<group>";
		};
		D6EEFFCB17CDC13F00EB28C7 /* PhoneContent */ = {
			isa = PBXGroup;
			children = (
				D6842E4F17DD21F90028AF00 /* Dashboard */,
			);
			name = PhoneContent;
			sourceTree = "<group>";
		};
		D6F9D3EF17DE66AA001DE8D1 /* NoInfoDash */ = {
			isa = PBXGroup;
			children = (
				9ECCADA817F0E809001EAF4C /* couple-dash.png */,
				9ECCADA917F0E809001EAF4C /* couple-dash@2x.png */,
				9ECCADA217F0E7B8001EAF4C /* lifestyle-beach-dash.png */,
				9ECCADA317F0E7B8001EAF4C /* lifestyle-beach-dash@2x.png */,
				9ECCAD9C17F0E724001EAF4C /* sfh-dash.png */,
				9ECCAD9D17F0E724001EAF4C /* sfh-dash@2x.png */,
				9ECCAD9017F0E696001EAF4C /* compare-dash.png */,
				9ECCAD9117F0E696001EAF4C /* compare-dash@2x.png */,
				9ECCAD9217F0E696001EAF4C /* doubledownarrow.png */,
				9ECCAD9317F0E696001EAF4C /* doubledownarrow@2x.png */,
				9ECCAD8A17F0E556001EAF4C /* downarrow.png */,
				9ECCAD8B17F0E556001EAF4C /* downarrow@2x.png */,
				9ECCAD5417F0CBFC001EAF4C /* forward-icon.png */,
				9ECCAD5517F0CBFC001EAF4C /* forward-icon@2x.png */,
				9ECCAD5617F0CBFC001EAF4C /* help.png */,
				9ECCAD5717F0CBFC001EAF4C /* help@2x.png */,
				D6F9D41117DE72CF001DE8D1 /* DashNoInfoEnteredView.xib */,
				D6F9D41517DE73E0001DE8D1 /* DashNoInfoEnteredView.h */,
				D6F9D41617DE73E0001DE8D1 /* DashNoInfoEnteredView.m */,
			);
			name = NoInfoDash;
			sourceTree = "<group>";
		};
/* End PBXGroup section */

/* Begin PBXNativeTarget section */
		D67EFDDE17CCE1280082F6C7 /* HomeBuyer */ = {
			isa = PBXNativeTarget;
			buildConfigurationList = D67EFE1117CCE1290082F6C7 /* Build configuration list for PBXNativeTarget "HomeBuyer" */;
			buildPhases = (
				D67EFDDB17CCE1280082F6C7 /* Sources */,
				D67EFDDC17CCE1280082F6C7 /* Frameworks */,
				D67EFDDD17CCE1280082F6C7 /* Resources */,
			);
			buildRules = (
			);
			dependencies = (
			);
			name = HomeBuyer;
			productName = HomeBuyer;
			productReference = D67EFDDF17CCE1280082F6C7 /* HomeBuyer.app */;
			productType = "com.apple.product-type.application";
		};
		D67EFDFE17CCE1290082F6C7 /* HomeBuyerTests */ = {
			isa = PBXNativeTarget;
			buildConfigurationList = D67EFE1417CCE1290082F6C7 /* Build configuration list for PBXNativeTarget "HomeBuyerTests" */;
			buildPhases = (
				D67EFDFB17CCE1290082F6C7 /* Sources */,
				D67EFDFC17CCE1290082F6C7 /* Frameworks */,
				D67EFDFD17CCE1290082F6C7 /* Resources */,
			);
			buildRules = (
			);
			dependencies = (
				D67EFE0617CCE1290082F6C7 /* PBXTargetDependency */,
			);
			name = HomeBuyerTests;
			productName = HomeBuyerTests;
			productReference = D67EFDFF17CCE1290082F6C7 /* HomeBuyerTests.xctest */;
			productType = "com.apple.product-type.bundle.unit-test";
		};
/* End PBXNativeTarget section */

/* Begin PBXProject section */
		D67EFDD717CCE1280082F6C7 /* Project object */ = {
			isa = PBXProject;
			attributes = {
				LastUpgradeCheck = 0500;
				ORGANIZATIONNAME = Kunance;
				TargetAttributes = {
					D67EFDFE17CCE1290082F6C7 = {
						TestTargetID = D67EFDDE17CCE1280082F6C7;
					};
				};
			};
			buildConfigurationList = D67EFDDA17CCE1280082F6C7 /* Build configuration list for PBXProject "HomeBuyer" */;
			compatibilityVersion = "Xcode 3.2";
			developmentRegion = English;
			hasScannedForEncodings = 0;
			knownRegions = (
				en,
			);
			mainGroup = D67EFDD617CCE1280082F6C7;
			productRefGroup = D67EFDE017CCE1280082F6C7 /* Products */;
			projectDirPath = "";
			projectRoot = "";
			targets = (
				D67EFDDE17CCE1280082F6C7 /* HomeBuyer */,
				D67EFDFE17CCE1290082F6C7 /* HomeBuyerTests */,
			);
		};
/* End PBXProject section */

/* Begin PBXResourcesBuildPhase section */
		D67EFDDD17CCE1280082F6C7 /* Resources */ = {
			isa = PBXResourcesBuildPhase;
			buildActionMask = 2147483647;
			files = (
				D6842E5217DD22060028AF00 /* MenuIcon@2x.png in Resources */,
				9EA5D3FE17F1627300CE7BD8 /* street@2x.png in Resources */,
				9ECCAD9A17F0E696001EAF4C /* doubledownarrow@2x.png in Resources */,
				9ECCAD5E17F0CBFC001EAF4C /* help@2x.png in Resources */,
				9EA5D3E217F15DC500CE7BD8 /* condo.png in Resources */,
				9EA5D3F917F1627300CE7BD8 /* city.png in Resources */,
				D6C88B3517DA7B3000DEA25D /* LoginViewController.xib in Resources */,
				9EA5D40417F162B500CE7BD8 /* LoanInfoViewController.xib in Resources */,
				D67EFDEF17CCE1280082F6C7 /* InfoPlist.strings in Resources */,
				D6C88B4D17DA800F00DEA25D /* DashboardViewController.xib in Resources */,
				9ECCADA017F0E724001EAF4C /* sfh-dash@2x.png in Resources */,
				9EA5D3F117F1624300CE7BD8 /* HomeAddressViewController.xib in Resources */,
				D6E6EE5917E65A9E005D7526 /* single@2x.png in Resources */,
				9EA5D40E17F162DE00CE7BD8 /* interestrate.png in Resources */,
				D6E6EEBF17E79D8C005D7526 /* otherexpenses.png in Resources */,
				9EA5D40F17F162DE00CE7BD8 /* interestrate@2x.png in Resources */,
				D6E6EE5C17E65AAF005D7526 /* salary.png in Resources */,
				D6C88B4417DA7C0A00DEA25D /* Dash1HomeEnteredView.xib in Resources */,
				D6E6EEBC17E79D7D005D7526 /* car@2x.png in Resources */,
				9EA5D3EB17F15DC500CE7BD8 /* sfh-homeinfo@2x.png in Resources */,
				9ECCAD5A17F0CBFC001EAF4C /* forward-icon@2x.png in Resources */,
				9EA5D3FA17F1627300CE7BD8 /* city@2x.png in Resources */,
				D6E6EE5517E65A8A005D7526 /* couple@2x.png in Resources */,
				D6E6EEC417E79DA8005D7526 /* back-icon@2x.png in Resources */,
				D6E6EEBB17E79D7D005D7526 /* car.png in Resources */,
				9EA5D3E817F15DC500CE7BD8 /* sfh-homeinfo-selected.png in Resources */,
				9ECCADAC17F0E809001EAF4C /* couple-dash@2x.png in Resources */,
				9EA5D3FC17F1627300CE7BD8 /* location@2x.png in Resources */,
				D6F9D41317DE72CF001DE8D1 /* DashNoInfoEnteredView.xib in Resources */,
				9ECCAD9417F0E696001EAF4C /* compare-dash.png in Resources */,
				D6C88B3417DA7B3000DEA25D /* SignUpViewController.xib in Resources */,
				D6E6EEC317E79DA8005D7526 /* back-icon.png in Resources */,
				9EA5D3CE17F15C8200CE7BD8 /* HomeInfoViewController.xib in Resources */,
				9EA5D3E717F15DC500CE7BD8 /* homeprice@2x.png in Resources */,
				9EA5D3E917F15DC500CE7BD8 /* sfh-homeinfo-selected@2x.png in Resources */,
				D6E6EE6C17E660EA005D7526 /* single-selected.png in Resources */,
				9ECCAD5C17F0CBFC001EAF4C /* help.png in Resources */,
				D6C88B4617DA7F7200DEA25D /* DashMultipleHomesView.xib in Resources */,
				9EA5D3FB17F1627300CE7BD8 /* location.png in Resources */,
				9EA5D3DE17F15DC500CE7BD8 /* besthomefeature.png in Resources */,
				9ECCAD8E17F0E556001EAF4C /* downarrow@2x.png in Resources */,
				D6E6EE6817E65AE2005D7526 /* dashboard.png in Resources */,
				D6E6EEB717E79D6F005D7526 /* rent.png in Resources */,
				D6E6EE5417E65A8A005D7526 /* couple.png in Resources */,
				9EA5D3E317F15DC500CE7BD8 /* condo@2x.png in Resources */,
				D6E6EEB217E79D05005D7526 /* ExpensesViewController.xib in Resources */,
				9ECCAD9617F0E696001EAF4C /* compare-dash@2x.png in Resources */,
				D6E6EEB817E79D6F005D7526 /* rent@2x.png in Resources */,
				D6E6EE6517E65AD1005D7526 /* children@2x.png in Resources */,
				D6E6EE6117E65AC0005D7526 /* savings@2x.png in Resources */,
				D6E6EE6417E65AD1005D7526 /* children.png in Resources */,
				D6E6EE6917E65AE2005D7526 /* dashboard@2x.png in Resources */,
				D6E6EE7017E660F9005D7526 /* couple-selected.png in Resources */,
				D6E6EE6D17E660EA005D7526 /* single-selected@2x.png in Resources */,
				D6842E5317DD22060028AF00 /* MenuIcon.png in Resources */,
				D6E6EE5117E659DD005D7526 /* AboutYouViewController.xib in Resources */,
				9EA5D3EA17F15DC500CE7BD8 /* sfh-homeinfo.png in Resources */,
				9EA5D3FD17F1627300CE7BD8 /* street.png in Resources */,
				D6E6EE7117E660F9005D7526 /* couple-selected@2x.png in Resources */,
				9EA5D3E117F15DC500CE7BD8 /* condo-selected@2x.png in Resources */,
				9ECCAD8C17F0E556001EAF4C /* downarrow.png in Resources */,
				D6E6EE6017E65AC0005D7526 /* savings.png in Resources */,
				9EA5D40C17F162DE00CE7BD8 /* downpayment.png in Resources */,
				9EA5D3E017F15DC500CE7BD8 /* condo-selected.png in Resources */,
				D6E6EE5817E65A9E005D7526 /* single.png in Resources */,
				D6E6EE5D17E65AAF005D7526 /* salary@2x.png in Resources */,
				9EA5D3DF17F15DC500CE7BD8 /* besthomefeature@2x.png in Resources */,
				D67EFDFA17CCE1280082F6C7 /* Images.xcassets in Resources */,
				9EA5D3E517F15DC500CE7BD8 /* hoa@2x.png in Resources */,
				9EA5D41117F162DE00CE7BD8 /* loantime@2x.png in Resources */,
				D6C890B917DC4426007CB46F /* LeftMenuViewController.xib in Resources */,
				9ECCADA417F0E7B8001EAF4C /* lifestyle-beach-dash.png in Resources */,
				9ECCADA617F0E7B8001EAF4C /* lifestyle-beach-dash@2x.png in Resources */,
				9EA5D41017F162DE00CE7BD8 /* loantime.png in Resources */,
				9ECCAD9817F0E696001EAF4C /* doubledownarrow.png in Resources */,
				9ECCAD9E17F0E724001EAF4C /* sfh-dash.png in Resources */,
				D6E6EEC017E79D8C005D7526 /* otherexpenses@2x.png in Resources */,
				D6C88B4217DA7BEE00DEA25D /* DashUserPFInfoEnteredView.xib in Resources */,
				9EA5D40D17F162DE00CE7BD8 /* downpayment@2x.png in Resources */,
				9EA5D3E617F15DC500CE7BD8 /* homeprice.png in Resources */,
				9ECCADAA17F0E809001EAF4C /* couple-dash.png in Resources */,
				9EA5D3E417F15DC500CE7BD8 /* hoa.png in Resources */,
				9ECCAD5817F0CBFC001EAF4C /* forward-icon.png in Resources */,
			);
			runOnlyForDeploymentPostprocessing = 0;
		};
		D67EFDFD17CCE1290082F6C7 /* Resources */ = {
			isa = PBXResourcesBuildPhase;
			buildActionMask = 2147483647;
			files = (
				9ECCADA117F0E724001EAF4C /* sfh-dash@2x.png in Resources */,
				9ECCADA717F0E7B8001EAF4C /* lifestyle-beach-dash@2x.png in Resources */,
				D67EFE0C17CCE1290082F6C7 /* InfoPlist.strings in Resources */,
				9ECCAD5B17F0CBFC001EAF4C /* forward-icon@2x.png in Resources */,
				9ECCADA517F0E7B8001EAF4C /* lifestyle-beach-dash.png in Resources */,
				9ECCAD9917F0E696001EAF4C /* doubledownarrow.png in Resources */,
				9ECCAD5F17F0CBFC001EAF4C /* help@2x.png in Resources */,
				9ECCADAB17F0E809001EAF4C /* couple-dash.png in Resources */,
				9ECCAD8F17F0E556001EAF4C /* downarrow@2x.png in Resources */,
				9ECCAD9F17F0E724001EAF4C /* sfh-dash.png in Resources */,
				9ECCAD5917F0CBFC001EAF4C /* forward-icon.png in Resources */,
				9ECCAD9B17F0E696001EAF4C /* doubledownarrow@2x.png in Resources */,
				9ECCAD5D17F0CBFC001EAF4C /* help.png in Resources */,
				9ECCADAD17F0E809001EAF4C /* couple-dash@2x.png in Resources */,
				9ECCAD9717F0E696001EAF4C /* compare-dash@2x.png in Resources */,
				9ECCAD8D17F0E556001EAF4C /* downarrow.png in Resources */,
				9ECCAD9517F0E696001EAF4C /* compare-dash.png in Resources */,
			);
			runOnlyForDeploymentPostprocessing = 0;
		};
/* End PBXResourcesBuildPhase section */

/* Begin PBXSourcesBuildPhase section */
		D67EFDDB17CCE1280082F6C7 /* Sources */ = {
			isa = PBXSourcesBuildPhase;
			buildActionMask = 2147483647;
			files = (
				D6842E6A17DD9A670028AF00 /* homeAddress.m in Sources */,
				D610B4FE17D15E5500C6EE4A /* kunanceUser.m in Sources */,
				D6C88B3D17DA7B7D00DEA25D /* KeychainWrapper.m in Sources */,
				D6842E6617DD97090028AF00 /* homeInfo.m in Sources */,
				9EA5D3F017F1624300CE7BD8 /* HomeAddressViewController.m in Sources */,
				D6842E6217DD95E30028AF00 /* loan.m in Sources */,
				D6842E6E17DDA8720028AF00 /* UsersHomesList.m in Sources */,
				D6842E5E17DD32510028AF00 /* usersLoansList.m in Sources */,
				D67EFDF517CCE1280082F6C7 /* AppDelegate.m in Sources */,
				D6C88B3017DA7B1600DEA25D /* LoginViewController.m in Sources */,
				D6842E5617DD2FD80028AF00 /* userPFInfo.m in Sources */,
				D6468B1117DAF8CD0056EF57 /* PKRevealControllerContainerView.m in Sources */,
				D6E6EEB117E79D05005D7526 /* ExpensesViewController.m in Sources */,
				D6C88B2917DA79AA00DEA25D /* MainController.m in Sources */,
				D6C890B817DC4426007CB46F /* LeftMenuViewController.m in Sources */,
				D67EFDF117CCE1280082F6C7 /* main.m in Sources */,
				9EA5D3CD17F15C8200CE7BD8 /* HomeInfoViewController.m in Sources */,
				D6C88B3B17DA7B7D00DEA25D /* Utilities.m in Sources */,
				9EA5D40317F162B500CE7BD8 /* LoanInfoViewController.m in Sources */,
				D6C88B4A17DA7FEC00DEA25D /* DashboardViewController.m in Sources */,
				D6E6EE5017E659DD005D7526 /* AboutYouViewController.m in Sources */,
				D6B93F6217E96F9F0049B5D5 /* APIService.m in Sources */,
				D6842E5A17DD317F0028AF00 /* userFixedExpensesInfo.m in Sources */,
				D6C88B2E17DA7B1600DEA25D /* SignUpViewController.m in Sources */,
				D6468B1217DAF8CD0056EF57 /* UIViewController+PKRevealController.m in Sources */,
				D6F9D41717DE73E0001DE8D1 /* DashNoInfoEnteredView.m in Sources */,
				D6468B1017DAF8CD0056EF57 /* PKRevealController.m in Sources */,
			);
			runOnlyForDeploymentPostprocessing = 0;
		};
		D67EFDFB17CCE1290082F6C7 /* Sources */ = {
			isa = PBXSourcesBuildPhase;
			buildActionMask = 2147483647;
			files = (
				D6842E5B17DD317F0028AF00 /* userFixedExpensesInfo.m in Sources */,
				D610B4FF17D15E5500C6EE4A /* kunanceUser.m in Sources */,
				D6C88B2F17DA7B1600DEA25D /* SignUpViewController.m in Sources */,
				D67EFE0E17CCE1290082F6C7 /* HomeBuyerTests.m in Sources */,
				D6C88B3E17DA7B7D00DEA25D /* KeychainWrapper.m in Sources */,
				D6842E6317DD95E30028AF00 /* loan.m in Sources */,
				D6842E6717DD97090028AF00 /* homeInfo.m in Sources */,
				D6842E6B17DD9A670028AF00 /* homeAddress.m in Sources */,
				D6B93F6317E96F9F0049B5D5 /* APIService.m in Sources */,
				D6842E5717DD2FD80028AF00 /* userPFInfo.m in Sources */,
				D6842E6F17DDA8720028AF00 /* UsersHomesList.m in Sources */,
				D6842E5F17DD32510028AF00 /* usersLoansList.m in Sources */,
				D6C88B3117DA7B1600DEA25D /* LoginViewController.m in Sources */,
				D6C88B3C17DA7B7D00DEA25D /* Utilities.m in Sources */,
			);
			runOnlyForDeploymentPostprocessing = 0;
		};
/* End PBXSourcesBuildPhase section */

/* Begin PBXTargetDependency section */
		D67EFE0617CCE1290082F6C7 /* PBXTargetDependency */ = {
			isa = PBXTargetDependency;
			target = D67EFDDE17CCE1280082F6C7 /* HomeBuyer */;
			targetProxy = D67EFE0517CCE1290082F6C7 /* PBXContainerItemProxy */;
		};
/* End PBXTargetDependency section */

/* Begin PBXVariantGroup section */
		D67EFDED17CCE1280082F6C7 /* InfoPlist.strings */ = {
			isa = PBXVariantGroup;
			children = (
				D67EFDEE17CCE1280082F6C7 /* en */,
			);
			name = InfoPlist.strings;
			sourceTree = "<group>";
		};
		D67EFE0A17CCE1290082F6C7 /* InfoPlist.strings */ = {
			isa = PBXVariantGroup;
			children = (
				D67EFE0B17CCE1290082F6C7 /* en */,
			);
			name = InfoPlist.strings;
			sourceTree = "<group>";
		};
/* End PBXVariantGroup section */

/* Begin XCBuildConfiguration section */
		D67EFE0F17CCE1290082F6C7 /* Debug */ = {
			isa = XCBuildConfiguration;
			buildSettings = {
				ALWAYS_SEARCH_USER_PATHS = NO;
				CLANG_CXX_LANGUAGE_STANDARD = "gnu++0x";
				CLANG_CXX_LIBRARY = "libc++";
				CLANG_ENABLE_MODULES = YES;
				CLANG_ENABLE_OBJC_ARC = YES;
				CLANG_WARN_BOOL_CONVERSION = YES;
				CLANG_WARN_CONSTANT_CONVERSION = YES;
				CLANG_WARN_DIRECT_OBJC_ISA_USAGE = YES_ERROR;
				CLANG_WARN_EMPTY_BODY = YES;
				CLANG_WARN_ENUM_CONVERSION = YES;
				CLANG_WARN_INT_CONVERSION = YES;
				CLANG_WARN_OBJC_ROOT_CLASS = YES_ERROR;
				CLANG_WARN__DUPLICATE_METHOD_MATCH = YES;
				"CODE_SIGN_IDENTITY[sdk=iphoneos*]" = "iPhone Developer";
				COPY_PHASE_STRIP = NO;
				GCC_C_LANGUAGE_STANDARD = gnu99;
				GCC_DYNAMIC_NO_PIC = NO;
				GCC_OPTIMIZATION_LEVEL = 0;
				GCC_PREPROCESSOR_DEFINITIONS = (
					"DEBUG=1",
					"$(inherited)",
				);
				GCC_SYMBOLS_PRIVATE_EXTERN = NO;
				GCC_WARN_ABOUT_RETURN_TYPE = YES_ERROR;
				GCC_WARN_UNDECLARED_SELECTOR = YES;
				GCC_WARN_UNINITIALIZED_AUTOS = YES;
				GCC_WARN_UNUSED_FUNCTION = YES;
				GCC_WARN_UNUSED_VARIABLE = YES;
				IPHONEOS_DEPLOYMENT_TARGET = 6.1;
				ONLY_ACTIVE_ARCH = YES;
				SDKROOT = iphoneos;
				TARGETED_DEVICE_FAMILY = "1,2";
			};
			name = Debug;
		};
		D67EFE1017CCE1290082F6C7 /* Release */ = {
			isa = XCBuildConfiguration;
			buildSettings = {
				ALWAYS_SEARCH_USER_PATHS = NO;
				CLANG_CXX_LANGUAGE_STANDARD = "gnu++0x";
				CLANG_CXX_LIBRARY = "libc++";
				CLANG_ENABLE_MODULES = YES;
				CLANG_ENABLE_OBJC_ARC = YES;
				CLANG_WARN_BOOL_CONVERSION = YES;
				CLANG_WARN_CONSTANT_CONVERSION = YES;
				CLANG_WARN_DIRECT_OBJC_ISA_USAGE = YES_ERROR;
				CLANG_WARN_EMPTY_BODY = YES;
				CLANG_WARN_ENUM_CONVERSION = YES;
				CLANG_WARN_INT_CONVERSION = YES;
				CLANG_WARN_OBJC_ROOT_CLASS = YES_ERROR;
				CLANG_WARN__DUPLICATE_METHOD_MATCH = YES;
				"CODE_SIGN_IDENTITY[sdk=iphoneos*]" = "iPhone Developer";
				COPY_PHASE_STRIP = YES;
				ENABLE_NS_ASSERTIONS = NO;
				GCC_C_LANGUAGE_STANDARD = gnu99;
				GCC_WARN_ABOUT_RETURN_TYPE = YES_ERROR;
				GCC_WARN_UNDECLARED_SELECTOR = YES;
				GCC_WARN_UNINITIALIZED_AUTOS = YES;
				GCC_WARN_UNUSED_FUNCTION = YES;
				GCC_WARN_UNUSED_VARIABLE = YES;
				IPHONEOS_DEPLOYMENT_TARGET = 6.1;
				SDKROOT = iphoneos;
				TARGETED_DEVICE_FAMILY = "1,2";
				VALIDATE_PRODUCT = YES;
			};
			name = Release;
		};
		D67EFE1217CCE1290082F6C7 /* Debug */ = {
			isa = XCBuildConfiguration;
			buildSettings = {
				ASSETCATALOG_COMPILER_APPICON_NAME = AppIcon;
				ASSETCATALOG_COMPILER_LAUNCHIMAGE_NAME = LaunchImage;
				FRAMEWORK_SEARCH_PATHS = (
					"$(inherited)",
					/Users/shilpamodi/Downloads,
					"/Users/shilpamodi/Development/Clients/Kunance/kCAT-iOS/HomeBuyer",
					"/Volumes/Macbook\\ Pro\\ Data/Documents/Kunance/App/kCAT-iOS/HomeBuyer",
				);
				GCC_PRECOMPILE_PREFIX_HEADER = YES;
				GCC_PREFIX_HEADER = "HomeBuyer/HomeBuyer-Prefix.pch";
				INFOPLIST_FILE = "HomeBuyer/HomeBuyer-Info.plist";
				IPHONEOS_DEPLOYMENT_TARGET = 6.1;
				PRODUCT_NAME = "$(TARGET_NAME)";
				SDKROOT = iphoneos7.0;
				WRAPPER_EXTENSION = app;
			};
			name = Debug;
		};
		D67EFE1317CCE1290082F6C7 /* Release */ = {
			isa = XCBuildConfiguration;
			buildSettings = {
				ASSETCATALOG_COMPILER_APPICON_NAME = AppIcon;
				ASSETCATALOG_COMPILER_LAUNCHIMAGE_NAME = LaunchImage;
				FRAMEWORK_SEARCH_PATHS = (
					"$(inherited)",
					/Users/shilpamodi/Downloads,
					"/Users/shilpamodi/Development/Clients/Kunance/kCAT-iOS/HomeBuyer",
					"/Volumes/Macbook\\ Pro\\ Data/Documents/Kunance/App/kCAT-iOS/HomeBuyer",
				);
				GCC_PRECOMPILE_PREFIX_HEADER = YES;
				GCC_PREFIX_HEADER = "HomeBuyer/HomeBuyer-Prefix.pch";
				INFOPLIST_FILE = "HomeBuyer/HomeBuyer-Info.plist";
				IPHONEOS_DEPLOYMENT_TARGET = 6.1;
				PRODUCT_NAME = "$(TARGET_NAME)";
				SDKROOT = iphoneos7.0;
				WRAPPER_EXTENSION = app;
			};
			name = Release;
		};
		D67EFE1517CCE1290082F6C7 /* Debug */ = {
			isa = XCBuildConfiguration;
			buildSettings = {
				BUNDLE_LOADER = "$(BUILT_PRODUCTS_DIR)/HomeBuyer.app/HomeBuyer";
				FRAMEWORK_SEARCH_PATHS = (
					"$(SDKROOT)/Developer/Library/Frameworks",
					"$(inherited)",
					"$(DEVELOPER_FRAMEWORKS_DIR)",
					"/Users/shilpamodi/Development/Clients/Kunance/kCAT-iOS/HomeBuyer",
					"/Volumes/Macbook\\ Pro\\ Data/Documents/Kunance/App/kCAT-iOS/HomeBuyer",
				);
				GCC_PRECOMPILE_PREFIX_HEADER = YES;
				GCC_PREFIX_HEADER = "HomeBuyer/HomeBuyer-Prefix.pch";
				GCC_PREPROCESSOR_DEFINITIONS = (
					"DEBUG=1",
					"$(inherited)",
				);
				INFOPLIST_FILE = "HomeBuyerTests/HomeBuyerTests-Info.plist";
				PRODUCT_NAME = "$(TARGET_NAME)";
				TEST_HOST = "$(BUNDLE_LOADER)";
				WRAPPER_EXTENSION = xctest;
			};
			name = Debug;
		};
		D67EFE1617CCE1290082F6C7 /* Release */ = {
			isa = XCBuildConfiguration;
			buildSettings = {
				BUNDLE_LOADER = "$(BUILT_PRODUCTS_DIR)/HomeBuyer.app/HomeBuyer";
				FRAMEWORK_SEARCH_PATHS = (
					"$(SDKROOT)/Developer/Library/Frameworks",
					"$(inherited)",
					"$(DEVELOPER_FRAMEWORKS_DIR)",
					"/Users/shilpamodi/Development/Clients/Kunance/kCAT-iOS/HomeBuyer",
					"/Volumes/Macbook\\ Pro\\ Data/Documents/Kunance/App/kCAT-iOS/HomeBuyer",
				);
				GCC_PRECOMPILE_PREFIX_HEADER = YES;
				GCC_PREFIX_HEADER = "HomeBuyer/HomeBuyer-Prefix.pch";
				INFOPLIST_FILE = "HomeBuyerTests/HomeBuyerTests-Info.plist";
				PRODUCT_NAME = "$(TARGET_NAME)";
				TEST_HOST = "$(BUNDLE_LOADER)";
				WRAPPER_EXTENSION = xctest;
			};
			name = Release;
		};
/* End XCBuildConfiguration section */

/* Begin XCConfigurationList section */
		D67EFDDA17CCE1280082F6C7 /* Build configuration list for PBXProject "HomeBuyer" */ = {
			isa = XCConfigurationList;
			buildConfigurations = (
				D67EFE0F17CCE1290082F6C7 /* Debug */,
				D67EFE1017CCE1290082F6C7 /* Release */,
			);
			defaultConfigurationIsVisible = 0;
			defaultConfigurationName = Release;
		};
		D67EFE1117CCE1290082F6C7 /* Build configuration list for PBXNativeTarget "HomeBuyer" */ = {
			isa = XCConfigurationList;
			buildConfigurations = (
				D67EFE1217CCE1290082F6C7 /* Debug */,
				D67EFE1317CCE1290082F6C7 /* Release */,
			);
			defaultConfigurationIsVisible = 0;
			defaultConfigurationName = Release;
		};
		D67EFE1417CCE1290082F6C7 /* Build configuration list for PBXNativeTarget "HomeBuyerTests" */ = {
			isa = XCConfigurationList;
			buildConfigurations = (
				D67EFE1517CCE1290082F6C7 /* Debug */,
				D67EFE1617CCE1290082F6C7 /* Release */,
			);
			defaultConfigurationIsVisible = 0;
			defaultConfigurationName = Release;
		};
/* End XCConfigurationList section */
	};
	rootObject = D67EFDD717CCE1280082F6C7 /* Project object */;
}
